// !$*UTF8*$!
{
	archiveVersion = 1;
	classes = {
	};
	objectVersion = 50;
	objects = {

/* Begin PBXBuildFile section */
		28873D0BE0F7B24DE78F52A1 /* Pods_BasicServicesLib.framework in Frameworks */ = {isa = PBXBuildFile; fileRef = FF3C680EF1022A4514245C2B /* Pods_BasicServicesLib.framework */; };
		8C059F63222A308B006C4611 /* UITextField+Placeholder.m in Sources */ = {isa = PBXBuildFile; fileRef = 8C059F61222A308B006C4611 /* UITextField+Placeholder.m */; };
		8C059F66222A31CC006C4611 /* UIWindow+TransitionRootVc.m in Sources */ = {isa = PBXBuildFile; fileRef = 8C059F65222A31CC006C4611 /* UIWindow+TransitionRootVc.m */; };
		8C059F69222A53FE006C4611 /* UIButton+StateColor.m in Sources */ = {isa = PBXBuildFile; fileRef = 8C059F68222A53FE006C4611 /* UIButton+StateColor.m */; };
		8C059F6C222A6FBD006C4611 /* DecimalUtil.m in Sources */ = {isa = PBXBuildFile; fileRef = 8C059F6B222A6FBD006C4611 /* DecimalUtil.m */; };
		8C18E3CD22373FCC0048BE7D /* URLSessionTaskResponse.m in Sources */ = {isa = PBXBuildFile; fileRef = 8C18E3CC22373FCC0048BE7D /* URLSessionTaskResponse.m */; };
		8C18E3D02237A81F0048BE7D /* URLSessionChainTask.m in Sources */ = {isa = PBXBuildFile; fileRef = 8C18E3CF2237A81F0048BE7D /* URLSessionChainTask.m */; };
		8C1A5E612228DFA200A0177D /* TimeUtil.m in Sources */ = {isa = PBXBuildFile; fileRef = 8C1A5E602228DFA200A0177D /* TimeUtil.m */; };
		8C1A5E64222907B100A0177D /* NSString+UIColor.m in Sources */ = {isa = PBXBuildFile; fileRef = 8C1A5E63222907B100A0177D /* NSString+UIColor.m */; };
		8C1A5E672229093400A0177D /* NSString+Encrypt.m in Sources */ = {isa = PBXBuildFile; fileRef = 8C1A5E662229093400A0177D /* NSString+Encrypt.m */; };
		8C1A5E6A22290BF100A0177D /* NSData+Encrypt.m in Sources */ = {isa = PBXBuildFile; fileRef = 8C1A5E6922290BF100A0177D /* NSData+Encrypt.m */; };
		8C1A5E6D22292BEA00A0177D /* NSData+Base64.m in Sources */ = {isa = PBXBuildFile; fileRef = 8C1A5E6C22292BEA00A0177D /* NSData+Base64.m */; };
		8C1A5E70222938E200A0177D /* NSString+Pinyin.m in Sources */ = {isa = PBXBuildFile; fileRef = 8C1A5E6E222938E200A0177D /* NSString+Pinyin.m */; };
		8C1A5E732229392800A0177D /* NSString+Size.m in Sources */ = {isa = PBXBuildFile; fileRef = 8C1A5E722229392800A0177D /* NSString+Size.m */; };
		8C1A5E762229399E00A0177D /* NSString+Base64.m in Sources */ = {isa = PBXBuildFile; fileRef = 8C1A5E752229399E00A0177D /* NSString+Base64.m */; };
		8C1A5E7922293A5A00A0177D /* UIView+CornerRadius.m in Sources */ = {isa = PBXBuildFile; fileRef = 8C1A5E7822293A5A00A0177D /* UIView+CornerRadius.m */; };
		8C1B9F85222CFECB00AA270E /* UIView+NoDatasource.m in Sources */ = {isa = PBXBuildFile; fileRef = 8C1B9F84222CFECB00AA270E /* UIView+NoDatasource.m */; };
		8C1B9F88222D07EB00AA270E /* NoDatasourceView.m in Sources */ = {isa = PBXBuildFile; fileRef = 8C1B9F87222D07EB00AA270E /* NoDatasourceView.m */; };
		8C1B9F90222D2E0800AA270E /* TableViewController.m in Sources */ = {isa = PBXBuildFile; fileRef = 8C1B9F8F222D2E0800AA270E /* TableViewController.m */; };
		8C997CEC222A286700BD0CAF /* UIView+UIViewController.m in Sources */ = {isa = PBXBuildFile; fileRef = 8C997CEB222A286700BD0CAF /* UIView+UIViewController.m */; };
		8C997CF2222A2B9800BD0CAF /* UIImage+UIColor.m in Sources */ = {isa = PBXBuildFile; fileRef = 8C997CF1222A2B9800BD0CAF /* UIImage+UIColor.m */; };
		8C997CF5222A2CBB00BD0CAF /* UIView+UINib.m in Sources */ = {isa = PBXBuildFile; fileRef = 8C997CF4222A2CBB00BD0CAF /* UIView+UINib.m */; };
		8C997CF8222A2D8900BD0CAF /* UIView+CGRect.m in Sources */ = {isa = PBXBuildFile; fileRef = 8C997CF7222A2D8900BD0CAF /* UIView+CGRect.m */; };
		8C997CFB222A2EDC00BD0CAF /* UIAlertController+Shortcut.m in Sources */ = {isa = PBXBuildFile; fileRef = 8C997CFA222A2EDC00BD0CAF /* UIAlertController+Shortcut.m */; };
		8CD3BE2A2227787600006DEA /* AppDelegate.m in Sources */ = {isa = PBXBuildFile; fileRef = 8CD3BE292227787600006DEA /* AppDelegate.m */; };
		8CD3BE2D2227787600006DEA /* ViewController.m in Sources */ = {isa = PBXBuildFile; fileRef = 8CD3BE2C2227787600006DEA /* ViewController.m */; };
		8CD3BE302227787600006DEA /* Main.storyboard in Resources */ = {isa = PBXBuildFile; fileRef = 8CD3BE2E2227787600006DEA /* Main.storyboard */; };
		8CD3BE322227787800006DEA /* Assets.xcassets in Resources */ = {isa = PBXBuildFile; fileRef = 8CD3BE312227787800006DEA /* Assets.xcassets */; };
		8CD3BE352227787800006DEA /* LaunchScreen.storyboard in Resources */ = {isa = PBXBuildFile; fileRef = 8CD3BE332227787800006DEA /* LaunchScreen.storyboard */; };
		8CD3BE382227787800006DEA /* main.m in Sources */ = {isa = PBXBuildFile; fileRef = 8CD3BE372227787800006DEA /* main.m */; };
		8CD3BE4722277DA500006DEA /* Constants.m in Sources */ = {isa = PBXBuildFile; fileRef = 8CD3BE4622277DA500006DEA /* Constants.m */; };
		8CD3BE4B2227825E00006DEA /* MBProgressHUDUtil.m in Sources */ = {isa = PBXBuildFile; fileRef = 8CD3BE4A2227825E00006DEA /* MBProgressHUDUtil.m */; };
		8CD3BE552227C4B600006DEA /* NSBundle+BasicServicesLibResource.m in Sources */ = {isa = PBXBuildFile; fileRef = 8CD3BE542227C4B600006DEA /* NSBundle+BasicServicesLibResource.m */; };
		8CD3BE572227C6DF00006DEA /* BasicServicesLib.bundle in Resources */ = {isa = PBXBuildFile; fileRef = 8CD3BE562227C6DF00006DEA /* BasicServicesLib.bundle */; };
		8CD3BE5C2227CEEC00006DEA /* NSDictionary+KeyValueAddition.m in Sources */ = {isa = PBXBuildFile; fileRef = 8CD3BE5B2227CEEC00006DEA /* NSDictionary+KeyValueAddition.m */; };
		8CD73EDC2238A90C00B683DC /* PresentedHUDBasicViewController.m in Sources */ = {isa = PBXBuildFile; fileRef = 8CD73EDB2238A90C00B683DC /* PresentedHUDBasicViewController.m */; };
		8CD73EE02238DF5A00B683DC /* UIRelayoutButton.m in Sources */ = {isa = PBXBuildFile; fileRef = 8CD73EDF2238DF5A00B683DC /* UIRelayoutButton.m */; };
		8CD73EE32238E4D200B683DC /* UIPlaceholderTextView.m in Sources */ = {isa = PBXBuildFile; fileRef = 8CD73EE22238E4D200B683DC /* UIPlaceholderTextView.m */; };
		8CEE6F90222E12ED00BD68F8 /* SqliteDatabase.m in Sources */ = {isa = PBXBuildFile; fileRef = 8CEE6F8F222E12ED00BD68F8 /* SqliteDatabase.m */; };
		8CEEA47E2230C12300AFA055 /* URLSessionTaskPool.m in Sources */ = {isa = PBXBuildFile; fileRef = 8CEEA47D2230C12300AFA055 /* URLSessionTaskPool.m */; };
		8CEEA4842230C52500AFA055 /* URLSessionTask.m in Sources */ = {isa = PBXBuildFile; fileRef = 8CEEA4832230C52500AFA055 /* URLSessionTask.m */; };
		8CEEA4872230C5DD00AFA055 /* URLSessionTaskParams.m in Sources */ = {isa = PBXBuildFile; fileRef = 8CEEA4862230C5DD00AFA055 /* URLSessionTaskParams.m */; };
		8CEEA48A2230F09900AFA055 /* URLSessionTaskURL.m in Sources */ = {isa = PBXBuildFile; fileRef = 8CEEA4892230F09900AFA055 /* URLSessionTaskURL.m */; };
		8CF1231E222F9C27009868C1 /* order_list.geojson in Resources */ = {isa = PBXBuildFile; fileRef = 8CF1231D222F9C27009868C1 /* order_list.geojson */; };
/* End PBXBuildFile section */

/* Begin PBXFileReference section */
		2BB3F58A39AD152E44C35F38 /* Pods-BasicServicesLib.debug.xcconfig */ = {isa = PBXFileReference; includeInIndex = 1; lastKnownFileType = text.xcconfig; name = "Pods-BasicServicesLib.debug.xcconfig"; path = "Pods/Target Support Files/Pods-BasicServicesLib/Pods-BasicServicesLib.debug.xcconfig"; sourceTree = "<group>"; };
		343C6EBD74034ACDF9DAE2AF /* Pods-BasicServicesLib.release.xcconfig */ = {isa = PBXFileReference; includeInIndex = 1; lastKnownFileType = text.xcconfig; name = "Pods-BasicServicesLib.release.xcconfig"; path = "Pods/Target Support Files/Pods-BasicServicesLib/Pods-BasicServicesLib.release.xcconfig"; sourceTree = "<group>"; };
		8C059F61222A308B006C4611 /* UITextField+Placeholder.m */ = {isa = PBXFileReference; fileEncoding = 4; lastKnownFileType = sourcecode.c.objc; path = "UITextField+Placeholder.m"; sourceTree = "<group>"; };
		8C059F62222A308B006C4611 /* UITextField+Placeholder.h */ = {isa = PBXFileReference; fileEncoding = 4; lastKnownFileType = sourcecode.c.h; path = "UITextField+Placeholder.h"; sourceTree = "<group>"; };
		8C059F64222A31CC006C4611 /* UIWindow+TransitionRootVc.h */ = {isa = PBXFileReference; lastKnownFileType = sourcecode.c.h; path = "UIWindow+TransitionRootVc.h"; sourceTree = "<group>"; };
		8C059F65222A31CC006C4611 /* UIWindow+TransitionRootVc.m */ = {isa = PBXFileReference; lastKnownFileType = sourcecode.c.objc; path = "UIWindow+TransitionRootVc.m"; sourceTree = "<group>"; };
		8C059F67222A53FE006C4611 /* UIButton+StateColor.h */ = {isa = PBXFileReference; lastKnownFileType = sourcecode.c.h; path = "UIButton+StateColor.h"; sourceTree = "<group>"; };
		8C059F68222A53FE006C4611 /* UIButton+StateColor.m */ = {isa = PBXFileReference; lastKnownFileType = sourcecode.c.objc; path = "UIButton+StateColor.m"; sourceTree = "<group>"; };
		8C059F6A222A6FBD006C4611 /* DecimalUtil.h */ = {isa = PBXFileReference; lastKnownFileType = sourcecode.c.h; path = DecimalUtil.h; sourceTree = "<group>"; };
		8C059F6B222A6FBD006C4611 /* DecimalUtil.m */ = {isa = PBXFileReference; lastKnownFileType = sourcecode.c.objc; path = DecimalUtil.m; sourceTree = "<group>"; };
		8C18E3CB22373FCC0048BE7D /* URLSessionTaskResponse.h */ = {isa = PBXFileReference; lastKnownFileType = sourcecode.c.h; path = URLSessionTaskResponse.h; sourceTree = "<group>"; };
		8C18E3CC22373FCC0048BE7D /* URLSessionTaskResponse.m */ = {isa = PBXFileReference; lastKnownFileType = sourcecode.c.objc; path = URLSessionTaskResponse.m; sourceTree = "<group>"; };
		8C18E3CE2237A81F0048BE7D /* URLSessionChainTask.h */ = {isa = PBXFileReference; lastKnownFileType = sourcecode.c.h; path = URLSessionChainTask.h; sourceTree = "<group>"; };
		8C18E3CF2237A81F0048BE7D /* URLSessionChainTask.m */ = {isa = PBXFileReference; lastKnownFileType = sourcecode.c.objc; path = URLSessionChainTask.m; sourceTree = "<group>"; };
		8C1A5E5F2228DFA200A0177D /* TimeUtil.h */ = {isa = PBXFileReference; lastKnownFileType = sourcecode.c.h; path = TimeUtil.h; sourceTree = "<group>"; };
		8C1A5E602228DFA200A0177D /* TimeUtil.m */ = {isa = PBXFileReference; lastKnownFileType = sourcecode.c.objc; path = TimeUtil.m; sourceTree = "<group>"; };
		8C1A5E62222907B100A0177D /* NSString+UIColor.h */ = {isa = PBXFileReference; lastKnownFileType = sourcecode.c.h; path = "NSString+UIColor.h"; sourceTree = "<group>"; };
		8C1A5E63222907B100A0177D /* NSString+UIColor.m */ = {isa = PBXFileReference; lastKnownFileType = sourcecode.c.objc; path = "NSString+UIColor.m"; sourceTree = "<group>"; };
		8C1A5E652229093400A0177D /* NSString+Encrypt.h */ = {isa = PBXFileReference; lastKnownFileType = sourcecode.c.h; path = "NSString+Encrypt.h"; sourceTree = "<group>"; };
		8C1A5E662229093400A0177D /* NSString+Encrypt.m */ = {isa = PBXFileReference; lastKnownFileType = sourcecode.c.objc; path = "NSString+Encrypt.m"; sourceTree = "<group>"; };
		8C1A5E6822290BF100A0177D /* NSData+Encrypt.h */ = {isa = PBXFileReference; lastKnownFileType = sourcecode.c.h; path = "NSData+Encrypt.h"; sourceTree = "<group>"; };
		8C1A5E6922290BF100A0177D /* NSData+Encrypt.m */ = {isa = PBXFileReference; lastKnownFileType = sourcecode.c.objc; path = "NSData+Encrypt.m"; sourceTree = "<group>"; };
		8C1A5E6B22292BEA00A0177D /* NSData+Base64.h */ = {isa = PBXFileReference; lastKnownFileType = sourcecode.c.h; path = "NSData+Base64.h"; sourceTree = "<group>"; };
		8C1A5E6C22292BEA00A0177D /* NSData+Base64.m */ = {isa = PBXFileReference; lastKnownFileType = sourcecode.c.objc; path = "NSData+Base64.m"; sourceTree = "<group>"; };
		8C1A5E6E222938E200A0177D /* NSString+Pinyin.m */ = {isa = PBXFileReference; fileEncoding = 4; lastKnownFileType = sourcecode.c.objc; path = "NSString+Pinyin.m"; sourceTree = "<group>"; };
		8C1A5E6F222938E200A0177D /* NSString+Pinyin.h */ = {isa = PBXFileReference; fileEncoding = 4; lastKnownFileType = sourcecode.c.h; path = "NSString+Pinyin.h"; sourceTree = "<group>"; };
		8C1A5E712229392800A0177D /* NSString+Size.h */ = {isa = PBXFileReference; lastKnownFileType = sourcecode.c.h; path = "NSString+Size.h"; sourceTree = "<group>"; };
		8C1A5E722229392800A0177D /* NSString+Size.m */ = {isa = PBXFileReference; lastKnownFileType = sourcecode.c.objc; path = "NSString+Size.m"; sourceTree = "<group>"; };
		8C1A5E742229399E00A0177D /* NSString+Base64.h */ = {isa = PBXFileReference; lastKnownFileType = sourcecode.c.h; path = "NSString+Base64.h"; sourceTree = "<group>"; };
		8C1A5E752229399E00A0177D /* NSString+Base64.m */ = {isa = PBXFileReference; lastKnownFileType = sourcecode.c.objc; path = "NSString+Base64.m"; sourceTree = "<group>"; };
		8C1A5E7722293A5A00A0177D /* UIView+CornerRadius.h */ = {isa = PBXFileReference; lastKnownFileType = sourcecode.c.h; path = "UIView+CornerRadius.h"; sourceTree = "<group>"; };
		8C1A5E7822293A5A00A0177D /* UIView+CornerRadius.m */ = {isa = PBXFileReference; lastKnownFileType = sourcecode.c.objc; path = "UIView+CornerRadius.m"; sourceTree = "<group>"; };
		8C1B9F83222CFECB00AA270E /* UIView+NoDatasource.h */ = {isa = PBXFileReference; lastKnownFileType = sourcecode.c.h; path = "UIView+NoDatasource.h"; sourceTree = "<group>"; };
		8C1B9F84222CFECB00AA270E /* UIView+NoDatasource.m */ = {isa = PBXFileReference; lastKnownFileType = sourcecode.c.objc; path = "UIView+NoDatasource.m"; sourceTree = "<group>"; };
		8C1B9F86222D07EB00AA270E /* NoDatasourceView.h */ = {isa = PBXFileReference; lastKnownFileType = sourcecode.c.h; path = NoDatasourceView.h; sourceTree = "<group>"; };
		8C1B9F87222D07EB00AA270E /* NoDatasourceView.m */ = {isa = PBXFileReference; lastKnownFileType = sourcecode.c.objc; path = NoDatasourceView.m; sourceTree = "<group>"; };
		8C1B9F8E222D2E0800AA270E /* TableViewController.h */ = {isa = PBXFileReference; lastKnownFileType = sourcecode.c.h; path = TableViewController.h; sourceTree = "<group>"; };
		8C1B9F8F222D2E0800AA270E /* TableViewController.m */ = {isa = PBXFileReference; lastKnownFileType = sourcecode.c.objc; path = TableViewController.m; sourceTree = "<group>"; };
		8C997CEA222A286700BD0CAF /* UIView+UIViewController.h */ = {isa = PBXFileReference; lastKnownFileType = sourcecode.c.h; path = "UIView+UIViewController.h"; sourceTree = "<group>"; };
		8C997CEB222A286700BD0CAF /* UIView+UIViewController.m */ = {isa = PBXFileReference; lastKnownFileType = sourcecode.c.objc; path = "UIView+UIViewController.m"; sourceTree = "<group>"; };
		8C997CF0222A2B9800BD0CAF /* UIImage+UIColor.h */ = {isa = PBXFileReference; lastKnownFileType = sourcecode.c.h; path = "UIImage+UIColor.h"; sourceTree = "<group>"; };
		8C997CF1222A2B9800BD0CAF /* UIImage+UIColor.m */ = {isa = PBXFileReference; lastKnownFileType = sourcecode.c.objc; path = "UIImage+UIColor.m"; sourceTree = "<group>"; };
		8C997CF3222A2CBB00BD0CAF /* UIView+UINib.h */ = {isa = PBXFileReference; lastKnownFileType = sourcecode.c.h; path = "UIView+UINib.h"; sourceTree = "<group>"; };
		8C997CF4222A2CBB00BD0CAF /* UIView+UINib.m */ = {isa = PBXFileReference; lastKnownFileType = sourcecode.c.objc; path = "UIView+UINib.m"; sourceTree = "<group>"; };
		8C997CF6222A2D8900BD0CAF /* UIView+CGRect.h */ = {isa = PBXFileReference; lastKnownFileType = sourcecode.c.h; path = "UIView+CGRect.h"; sourceTree = "<group>"; };
		8C997CF7222A2D8900BD0CAF /* UIView+CGRect.m */ = {isa = PBXFileReference; lastKnownFileType = sourcecode.c.objc; path = "UIView+CGRect.m"; sourceTree = "<group>"; };
		8C997CF9222A2EDC00BD0CAF /* UIAlertController+Shortcut.h */ = {isa = PBXFileReference; lastKnownFileType = sourcecode.c.h; path = "UIAlertController+Shortcut.h"; sourceTree = "<group>"; };
		8C997CFA222A2EDC00BD0CAF /* UIAlertController+Shortcut.m */ = {isa = PBXFileReference; lastKnownFileType = sourcecode.c.objc; path = "UIAlertController+Shortcut.m"; sourceTree = "<group>"; };
		8CD3BE252227787600006DEA /* BasicServicesLib.app */ = {isa = PBXFileReference; explicitFileType = wrapper.application; includeInIndex = 0; path = BasicServicesLib.app; sourceTree = BUILT_PRODUCTS_DIR; };
		8CD3BE282227787600006DEA /* AppDelegate.h */ = {isa = PBXFileReference; lastKnownFileType = sourcecode.c.h; path = AppDelegate.h; sourceTree = "<group>"; };
		8CD3BE292227787600006DEA /* AppDelegate.m */ = {isa = PBXFileReference; lastKnownFileType = sourcecode.c.objc; path = AppDelegate.m; sourceTree = "<group>"; };
		8CD3BE2B2227787600006DEA /* ViewController.h */ = {isa = PBXFileReference; lastKnownFileType = sourcecode.c.h; path = ViewController.h; sourceTree = "<group>"; };
		8CD3BE2C2227787600006DEA /* ViewController.m */ = {isa = PBXFileReference; lastKnownFileType = sourcecode.c.objc; path = ViewController.m; sourceTree = "<group>"; };
		8CD3BE2F2227787600006DEA /* Base */ = {isa = PBXFileReference; lastKnownFileType = file.storyboard; name = Base; path = Base.lproj/Main.storyboard; sourceTree = "<group>"; };
		8CD3BE312227787800006DEA /* Assets.xcassets */ = {isa = PBXFileReference; lastKnownFileType = folder.assetcatalog; path = Assets.xcassets; sourceTree = "<group>"; };
		8CD3BE342227787800006DEA /* Base */ = {isa = PBXFileReference; lastKnownFileType = file.storyboard; name = Base; path = Base.lproj/LaunchScreen.storyboard; sourceTree = "<group>"; };
		8CD3BE362227787800006DEA /* Info.plist */ = {isa = PBXFileReference; lastKnownFileType = text.plist.xml; path = Info.plist; sourceTree = "<group>"; };
		8CD3BE372227787800006DEA /* main.m */ = {isa = PBXFileReference; lastKnownFileType = sourcecode.c.objc; path = main.m; sourceTree = "<group>"; };
		8CD3BE4422277AB800006DEA /* Macros.h */ = {isa = PBXFileReference; lastKnownFileType = sourcecode.c.h; path = Macros.h; sourceTree = "<group>"; };
		8CD3BE4622277DA500006DEA /* Constants.m */ = {isa = PBXFileReference; lastKnownFileType = sourcecode.c.objc; path = Constants.m; sourceTree = "<group>"; };
		8CD3BE4822277DAF00006DEA /* Constants.h */ = {isa = PBXFileReference; lastKnownFileType = sourcecode.c.h; path = Constants.h; sourceTree = "<group>"; };
		8CD3BE492227825E00006DEA /* MBProgressHUDUtil.h */ = {isa = PBXFileReference; lastKnownFileType = sourcecode.c.h; path = MBProgressHUDUtil.h; sourceTree = "<group>"; };
		8CD3BE4A2227825E00006DEA /* MBProgressHUDUtil.m */ = {isa = PBXFileReference; lastKnownFileType = sourcecode.c.objc; path = MBProgressHUDUtil.m; sourceTree = "<group>"; };
		8CD3BE532227C4B600006DEA /* NSBundle+BasicServicesLibResource.h */ = {isa = PBXFileReference; lastKnownFileType = sourcecode.c.h; path = "NSBundle+BasicServicesLibResource.h"; sourceTree = "<group>"; };
		8CD3BE542227C4B600006DEA /* NSBundle+BasicServicesLibResource.m */ = {isa = PBXFileReference; lastKnownFileType = sourcecode.c.objc; path = "NSBundle+BasicServicesLibResource.m"; sourceTree = "<group>"; };
		8CD3BE562227C6DF00006DEA /* BasicServicesLib.bundle */ = {isa = PBXFileReference; lastKnownFileType = "wrapper.plug-in"; path = BasicServicesLib.bundle; sourceTree = "<group>"; };
		8CD3BE592227CDF600006DEA /* BasicServicesLib.h */ = {isa = PBXFileReference; lastKnownFileType = sourcecode.c.h; path = BasicServicesLib.h; sourceTree = "<group>"; };
		8CD3BE5A2227CEEC00006DEA /* NSDictionary+KeyValueAddition.h */ = {isa = PBXFileReference; lastKnownFileType = sourcecode.c.h; path = "NSDictionary+KeyValueAddition.h"; sourceTree = "<group>"; };
		8CD3BE5B2227CEEC00006DEA /* NSDictionary+KeyValueAddition.m */ = {isa = PBXFileReference; lastKnownFileType = sourcecode.c.objc; path = "NSDictionary+KeyValueAddition.m"; sourceTree = "<group>"; };
		8CD73EDA2238A90C00B683DC /* PresentedHUDBasicViewController.h */ = {isa = PBXFileReference; lastKnownFileType = sourcecode.c.h; path = PresentedHUDBasicViewController.h; sourceTree = "<group>"; };
		8CD73EDB2238A90C00B683DC /* PresentedHUDBasicViewController.m */ = {isa = PBXFileReference; lastKnownFileType = sourcecode.c.objc; path = PresentedHUDBasicViewController.m; sourceTree = "<group>"; };
		8CD73EDE2238DF5A00B683DC /* UIRelayoutButton.h */ = {isa = PBXFileReference; lastKnownFileType = sourcecode.c.h; path = UIRelayoutButton.h; sourceTree = "<group>"; };
		8CD73EDF2238DF5A00B683DC /* UIRelayoutButton.m */ = {isa = PBXFileReference; lastKnownFileType = sourcecode.c.objc; path = UIRelayoutButton.m; sourceTree = "<group>"; };
		8CD73EE12238E4D200B683DC /* UIPlaceholderTextView.h */ = {isa = PBXFileReference; lastKnownFileType = sourcecode.c.h; path = UIPlaceholderTextView.h; sourceTree = "<group>"; };
		8CD73EE22238E4D200B683DC /* UIPlaceholderTextView.m */ = {isa = PBXFileReference; lastKnownFileType = sourcecode.c.objc; path = UIPlaceholderTextView.m; sourceTree = "<group>"; };
		8CEE6F8E222E12ED00BD68F8 /* SqliteDatabase.h */ = {isa = PBXFileReference; lastKnownFileType = sourcecode.c.h; path = SqliteDatabase.h; sourceTree = "<group>"; };
		8CEE6F8F222E12ED00BD68F8 /* SqliteDatabase.m */ = {isa = PBXFileReference; lastKnownFileType = sourcecode.c.objc; path = SqliteDatabase.m; sourceTree = "<group>"; };
		8CEEA47C2230C12300AFA055 /* URLSessionTaskPool.h */ = {isa = PBXFileReference; lastKnownFileType = sourcecode.c.h; path = URLSessionTaskPool.h; sourceTree = "<group>"; };
		8CEEA47D2230C12300AFA055 /* URLSessionTaskPool.m */ = {isa = PBXFileReference; lastKnownFileType = sourcecode.c.objc; path = URLSessionTaskPool.m; sourceTree = "<group>"; };
		8CEEA4822230C52500AFA055 /* URLSessionTask.h */ = {isa = PBXFileReference; lastKnownFileType = sourcecode.c.h; path = URLSessionTask.h; sourceTree = "<group>"; };
		8CEEA4832230C52500AFA055 /* URLSessionTask.m */ = {isa = PBXFileReference; lastKnownFileType = sourcecode.c.objc; path = URLSessionTask.m; sourceTree = "<group>"; };
		8CEEA4852230C5DD00AFA055 /* URLSessionTaskParams.h */ = {isa = PBXFileReference; lastKnownFileType = sourcecode.c.h; path = URLSessionTaskParams.h; sourceTree = "<group>"; };
		8CEEA4862230C5DD00AFA055 /* URLSessionTaskParams.m */ = {isa = PBXFileReference; lastKnownFileType = sourcecode.c.objc; path = URLSessionTaskParams.m; sourceTree = "<group>"; };
		8CEEA4882230F09900AFA055 /* URLSessionTaskURL.h */ = {isa = PBXFileReference; lastKnownFileType = sourcecode.c.h; path = URLSessionTaskURL.h; sourceTree = "<group>"; };
		8CEEA4892230F09900AFA055 /* URLSessionTaskURL.m */ = {isa = PBXFileReference; lastKnownFileType = sourcecode.c.objc; path = URLSessionTaskURL.m; sourceTree = "<group>"; };
		8CF1231D222F9C27009868C1 /* order_list.geojson */ = {isa = PBXFileReference; fileEncoding = 4; lastKnownFileType = text; path = order_list.geojson; sourceTree = "<group>"; };
		FF3C680EF1022A4514245C2B /* Pods_BasicServicesLib.framework */ = {isa = PBXFileReference; explicitFileType = wrapper.framework; includeInIndex = 0; path = Pods_BasicServicesLib.framework; sourceTree = BUILT_PRODUCTS_DIR; };
/* End PBXFileReference section */

/* Begin PBXFrameworksBuildPhase section */
		8CD3BE222227787600006DEA /* Frameworks */ = {
			isa = PBXFrameworksBuildPhase;
			buildActionMask = 2147483647;
			files = (
				28873D0BE0F7B24DE78F52A1 /* Pods_BasicServicesLib.framework in Frameworks */,
			);
			runOnlyForDeploymentPostprocessing = 0;
		};
/* End PBXFrameworksBuildPhase section */

/* Begin PBXGroup section */
		52E3355FC03477680FC75716 /* Frameworks */ = {
			isa = PBXGroup;
			children = (
				FF3C680EF1022A4514245C2B /* Pods_BasicServicesLib.framework */,
			);
			name = Frameworks;
			sourceTree = "<group>";
		};
		8C1B9F80222CF99000AA270E /* Privates */ = {
			isa = PBXGroup;
			children = (
				8CD3BE532227C4B600006DEA /* NSBundle+BasicServicesLibResource.h */,
				8CD3BE542227C4B600006DEA /* NSBundle+BasicServicesLibResource.m */,
			);
			path = Privates;
			sourceTree = "<group>";
		};
		8C1B9F82222CFE9600AA270E /* NoDatasourceView */ = {
			isa = PBXGroup;
			children = (
				8C1B9F83222CFECB00AA270E /* UIView+NoDatasource.h */,
				8C1B9F84222CFECB00AA270E /* UIView+NoDatasource.m */,
				8C1B9F86222D07EB00AA270E /* NoDatasourceView.h */,
				8C1B9F87222D07EB00AA270E /* NoDatasourceView.m */,
			);
			name = NoDatasourceView;
			sourceTree = "<group>";
		};
		8CD3BE1C2227787600006DEA = {
			isa = PBXGroup;
			children = (
				8CD3BE272227787600006DEA /* BasicServicesLib */,
				8CD3BE262227787600006DEA /* Products */,
				DDB5F0655C11E1D91499700D /* Pods */,
				52E3355FC03477680FC75716 /* Frameworks */,
			);
			sourceTree = "<group>";
		};
		8CD3BE262227787600006DEA /* Products */ = {
			isa = PBXGroup;
			children = (
				8CD3BE252227787600006DEA /* BasicServicesLib.app */,
			);
			name = Products;
			sourceTree = "<group>";
		};
		8CD3BE272227787600006DEA /* BasicServicesLib */ = {
			isa = PBXGroup;
			children = (
				8CD3BE3E2227788800006DEA /* BasicServicesLib */,
				8CD3BE282227787600006DEA /* AppDelegate.h */,
				8CD3BE292227787600006DEA /* AppDelegate.m */,
				8CD3BE2B2227787600006DEA /* ViewController.h */,
				8CD3BE2C2227787600006DEA /* ViewController.m */,
				8C1B9F8E222D2E0800AA270E /* TableViewController.h */,
				8C1B9F8F222D2E0800AA270E /* TableViewController.m */,
				8CF1231D222F9C27009868C1 /* order_list.geojson */,
				8CD3BE2E2227787600006DEA /* Main.storyboard */,
				8CD3BE312227787800006DEA /* Assets.xcassets */,
				8CD3BE332227787800006DEA /* LaunchScreen.storyboard */,
				8CD3BE362227787800006DEA /* Info.plist */,
				8CD3BE372227787800006DEA /* main.m */,
			);
			path = BasicServicesLib;
			sourceTree = "<group>";
		};
		8CD3BE3E2227788800006DEA /* BasicServicesLib */ = {
			isa = PBXGroup;
			children = (
				8CD3BE592227CDF600006DEA /* BasicServicesLib.h */,
				8CD3BE562227C6DF00006DEA /* BasicServicesLib.bundle */,
				8CD3BE4022277A4400006DEA /* AppBase */,
				8CD3BE582227CD5B00006DEA /* UIKit */,
				8CD3BE4322277A6E00006DEA /* Database */,
				8CD3BE4222277A6300006DEA /* Networking */,
				8CD3BE4122277A5300006DEA /* Categroies */,
				8CD3BE3F2227789D00006DEA /* Utils */,
				8C1B9F80222CF99000AA270E /* Privates */,
			);
			path = BasicServicesLib;
			sourceTree = "<group>";
		};
		8CD3BE3F2227789D00006DEA /* Utils */ = {
			isa = PBXGroup;
			children = (
				8CD3BE492227825E00006DEA /* MBProgressHUDUtil.h */,
				8CD3BE4A2227825E00006DEA /* MBProgressHUDUtil.m */,
				8C1A5E5F2228DFA200A0177D /* TimeUtil.h */,
				8C1A5E602228DFA200A0177D /* TimeUtil.m */,
				8C059F6A222A6FBD006C4611 /* DecimalUtil.h */,
				8C059F6B222A6FBD006C4611 /* DecimalUtil.m */,
			);
			path = Utils;
			sourceTree = "<group>";
		};
		8CD3BE4022277A4400006DEA /* AppBase */ = {
			isa = PBXGroup;
			children = (
				8CD3BE4422277AB800006DEA /* Macros.h */,
				8CD3BE4822277DAF00006DEA /* Constants.h */,
				8CD3BE4622277DA500006DEA /* Constants.m */,
			);
			path = AppBase;
			sourceTree = "<group>";
		};
		8CD3BE4122277A5300006DEA /* Categroies */ = {
			isa = PBXGroup;
			children = (
				8CD73ED82238A8C700B683DC /* UIButton */,
				8CD73ED72238A8BA00B683DC /* UITextField */,
				8CD73ED62238A8AF00B683DC /* UIAlertController */,
				8CD73ED52238A8A200B683DC /* UIWindow */,
				8CD73ED42238A89800B683DC /* UIImage */,
				8CD73ED32238A88C00B683DC /* UIView */,
				8CD73ED22238A86A00B683DC /* NSString */,
				8CD73ED12238A86200B683DC /* NSData */,
				8CEEC47A2238A81A00F9A66D /* NSDictionary */,
			);
			path = Categroies;
			sourceTree = "<group>";
		};
		8CD3BE4222277A6300006DEA /* Networking */ = {
			isa = PBXGroup;
			children = (
				8CEEA47C2230C12300AFA055 /* URLSessionTaskPool.h */,
				8CEEA47D2230C12300AFA055 /* URLSessionTaskPool.m */,
				8CEEA4822230C52500AFA055 /* URLSessionTask.h */,
				8CEEA4832230C52500AFA055 /* URLSessionTask.m */,
				8C18E3CE2237A81F0048BE7D /* URLSessionChainTask.h */,
				8C18E3CF2237A81F0048BE7D /* URLSessionChainTask.m */,
				8C18E3CB22373FCC0048BE7D /* URLSessionTaskResponse.h */,
				8C18E3CC22373FCC0048BE7D /* URLSessionTaskResponse.m */,
				8CEEA4852230C5DD00AFA055 /* URLSessionTaskParams.h */,
				8CEEA4862230C5DD00AFA055 /* URLSessionTaskParams.m */,
				8CEEA4882230F09900AFA055 /* URLSessionTaskURL.h */,
				8CEEA4892230F09900AFA055 /* URLSessionTaskURL.m */,
			);
			path = Networking;
			sourceTree = "<group>";
		};
		8CD3BE4322277A6E00006DEA /* Database */ = {
			isa = PBXGroup;
			children = (
				8CEE6F8E222E12ED00BD68F8 /* SqliteDatabase.h */,
				8CEE6F8F222E12ED00BD68F8 /* SqliteDatabase.m */,
			);
			path = Database;
			sourceTree = "<group>";
		};
		8CD3BE582227CD5B00006DEA /* UIKit */ = {
			isa = PBXGroup;
			children = (
				8CD73EE42238E4D700B683DC /* UIPlaceholderTextView */,
				8CD73EDD2238DF4200B683DC /* UIRelayoutButton */,
				8CD73ED92238A8DA00B683DC /* PresentedHUDBasicViewController */,
				8C1B9F82222CFE9600AA270E /* NoDatasourceView */,
			);
			path = UIKit;
			sourceTree = "<group>";
		};
		8CD73ED12238A86200B683DC /* NSData */ = {
			isa = PBXGroup;
			children = (
				8C1A5E6822290BF100A0177D /* NSData+Encrypt.h */,
				8C1A5E6922290BF100A0177D /* NSData+Encrypt.m */,
				8C1A5E6B22292BEA00A0177D /* NSData+Base64.h */,
				8C1A5E6C22292BEA00A0177D /* NSData+Base64.m */,
			);
			name = NSData;
			sourceTree = "<group>";
		};
		8CD73ED22238A86A00B683DC /* NSString */ = {
			isa = PBXGroup;
			children = (
				8C1A5E6F222938E200A0177D /* NSString+Pinyin.h */,
				8C1A5E6E222938E200A0177D /* NSString+Pinyin.m */,
				8C1A5E62222907B100A0177D /* NSString+UIColor.h */,
				8C1A5E63222907B100A0177D /* NSString+UIColor.m */,
				8C1A5E652229093400A0177D /* NSString+Encrypt.h */,
				8C1A5E662229093400A0177D /* NSString+Encrypt.m */,
				8C1A5E712229392800A0177D /* NSString+Size.h */,
				8C1A5E722229392800A0177D /* NSString+Size.m */,
				8C1A5E742229399E00A0177D /* NSString+Base64.h */,
				8C1A5E752229399E00A0177D /* NSString+Base64.m */,
			);
			name = NSString;
			sourceTree = "<group>";
		};
		8CD73ED32238A88C00B683DC /* UIView */ = {
			isa = PBXGroup;
			children = (
				8C1A5E7722293A5A00A0177D /* UIView+CornerRadius.h */,
				8C1A5E7822293A5A00A0177D /* UIView+CornerRadius.m */,
				8C997CEA222A286700BD0CAF /* UIView+UIViewController.h */,
				8C997CEB222A286700BD0CAF /* UIView+UIViewController.m */,
				8C997CF3222A2CBB00BD0CAF /* UIView+UINib.h */,
				8C997CF4222A2CBB00BD0CAF /* UIView+UINib.m */,
				8C997CF6222A2D8900BD0CAF /* UIView+CGRect.h */,
				8C997CF7222A2D8900BD0CAF /* UIView+CGRect.m */,
			);
			name = UIView;
			sourceTree = "<group>";
		};
		8CD73ED42238A89800B683DC /* UIImage */ = {
			isa = PBXGroup;
			children = (
				8C997CF0222A2B9800BD0CAF /* UIImage+UIColor.h */,
				8C997CF1222A2B9800BD0CAF /* UIImage+UIColor.m */,
			);
			name = UIImage;
			sourceTree = "<group>";
		};
		8CD73ED52238A8A200B683DC /* UIWindow */ = {
			isa = PBXGroup;
			children = (
				8C059F64222A31CC006C4611 /* UIWindow+TransitionRootVc.h */,
				8C059F65222A31CC006C4611 /* UIWindow+TransitionRootVc.m */,
			);
			name = UIWindow;
			sourceTree = "<group>";
		};
		8CD73ED62238A8AF00B683DC /* UIAlertController */ = {
			isa = PBXGroup;
			children = (
				8C997CF9222A2EDC00BD0CAF /* UIAlertController+Shortcut.h */,
				8C997CFA222A2EDC00BD0CAF /* UIAlertController+Shortcut.m */,
			);
			name = UIAlertController;
			sourceTree = "<group>";
		};
		8CD73ED72238A8BA00B683DC /* UITextField */ = {
			isa = PBXGroup;
			children = (
				8C059F62222A308B006C4611 /* UITextField+Placeholder.h */,
				8C059F61222A308B006C4611 /* UITextField+Placeholder.m */,
			);
			name = UITextField;
			sourceTree = "<group>";
		};
		8CD73ED82238A8C700B683DC /* UIButton */ = {
			isa = PBXGroup;
			children = (
				8C059F67222A53FE006C4611 /* UIButton+StateColor.h */,
				8C059F68222A53FE006C4611 /* UIButton+StateColor.m */,
			);
			name = UIButton;
			sourceTree = "<group>";
		};
		8CD73ED92238A8DA00B683DC /* PresentedHUDBasicViewController */ = {
			isa = PBXGroup;
			children = (
				8CD73EDA2238A90C00B683DC /* PresentedHUDBasicViewController.h */,
				8CD73EDB2238A90C00B683DC /* PresentedHUDBasicViewController.m */,
			);
			name = PresentedHUDBasicViewController;
			sourceTree = "<group>";
		};
		8CD73EDD2238DF4200B683DC /* UIRelayoutButton */ = {
			isa = PBXGroup;
			children = (
				8CD73EDE2238DF5A00B683DC /* UIRelayoutButton.h */,
				8CD73EDF2238DF5A00B683DC /* UIRelayoutButton.m */,
			);
			name = UIRelayoutButton;
			sourceTree = "<group>";
		};
		8CD73EE42238E4D700B683DC /* UIPlaceholderTextView */ = {
			isa = PBXGroup;
			children = (
				8CD73EE12238E4D200B683DC /* UIPlaceholderTextView.h */,
				8CD73EE22238E4D200B683DC /* UIPlaceholderTextView.m */,
			);
			name = UIPlaceholderTextView;
			sourceTree = "<group>";
		};
		8CEEC47A2238A81A00F9A66D /* NSDictionary */ = {
			isa = PBXGroup;
			children = (
				8CD3BE5A2227CEEC00006DEA /* NSDictionary+KeyValueAddition.h */,
				8CD3BE5B2227CEEC00006DEA /* NSDictionary+KeyValueAddition.m */,
			);
			name = NSDictionary;
			sourceTree = "<group>";
		};
		DDB5F0655C11E1D91499700D /* Pods */ = {
			isa = PBXGroup;
			children = (
				2BB3F58A39AD152E44C35F38 /* Pods-BasicServicesLib.debug.xcconfig */,
				343C6EBD74034ACDF9DAE2AF /* Pods-BasicServicesLib.release.xcconfig */,
			);
			name = Pods;
			sourceTree = "<group>";
		};
/* End PBXGroup section */

/* Begin PBXNativeTarget section */
		8CD3BE242227787600006DEA /* BasicServicesLib */ = {
			isa = PBXNativeTarget;
			buildConfigurationList = 8CD3BE3B2227787800006DEA /* Build configuration list for PBXNativeTarget "BasicServicesLib" */;
			buildPhases = (
				0491DDB2BC687E54ECF8420C /* [CP] Check Pods Manifest.lock */,
				8CD3BE212227787600006DEA /* Sources */,
				8CD3BE222227787600006DEA /* Frameworks */,
				8CD3BE232227787600006DEA /* Resources */,
				BD2D0AB50630F7DD1DDE78F8 /* [CP] Embed Pods Frameworks */,
			);
			buildRules = (
			);
			dependencies = (
			);
			name = BasicServicesLib;
			productName = BasicServicesLib;
			productReference = 8CD3BE252227787600006DEA /* BasicServicesLib.app */;
			productType = "com.apple.product-type.application";
		};
/* End PBXNativeTarget section */

/* Begin PBXProject section */
		8CD3BE1D2227787600006DEA /* Project object */ = {
			isa = PBXProject;
			attributes = {
				LastUpgradeCheck = 1010;
				ORGANIZATIONNAME = Luckeyhill;
				TargetAttributes = {
					8CD3BE242227787600006DEA = {
						CreatedOnToolsVersion = 10.1;
					};
				};
			};
			buildConfigurationList = 8CD3BE202227787600006DEA /* Build configuration list for PBXProject "BasicServicesLib" */;
			compatibilityVersion = "Xcode 9.3";
			developmentRegion = en;
			hasScannedForEncodings = 0;
			knownRegions = (
				en,
				Base,
			);
			mainGroup = 8CD3BE1C2227787600006DEA;
			productRefGroup = 8CD3BE262227787600006DEA /* Products */;
			projectDirPath = "";
			projectRoot = "";
			targets = (
				8CD3BE242227787600006DEA /* BasicServicesLib */,
			);
		};
/* End PBXProject section */

/* Begin PBXResourcesBuildPhase section */
		8CD3BE232227787600006DEA /* Resources */ = {
			isa = PBXResourcesBuildPhase;
			buildActionMask = 2147483647;
			files = (
				8CD3BE572227C6DF00006DEA /* BasicServicesLib.bundle in Resources */,
				8CF1231E222F9C27009868C1 /* order_list.geojson in Resources */,
				8CD3BE352227787800006DEA /* LaunchScreen.storyboard in Resources */,
				8CD3BE322227787800006DEA /* Assets.xcassets in Resources */,
				8CD3BE302227787600006DEA /* Main.storyboard in Resources */,
			);
			runOnlyForDeploymentPostprocessing = 0;
		};
/* End PBXResourcesBuildPhase section */

/* Begin PBXShellScriptBuildPhase section */
		0491DDB2BC687E54ECF8420C /* [CP] Check Pods Manifest.lock */ = {
			isa = PBXShellScriptBuildPhase;
			buildActionMask = 2147483647;
			files = (
			);
			inputPaths = (
				"${PODS_PODFILE_DIR_PATH}/Podfile.lock",
				"${PODS_ROOT}/Manifest.lock",
			);
			name = "[CP] Check Pods Manifest.lock";
			outputPaths = (
				"$(DERIVED_FILE_DIR)/Pods-BasicServicesLib-checkManifestLockResult.txt",
			);
			runOnlyForDeploymentPostprocessing = 0;
			shellPath = /bin/sh;
			shellScript = "diff \"${PODS_PODFILE_DIR_PATH}/Podfile.lock\" \"${PODS_ROOT}/Manifest.lock\" > /dev/null\nif [ $? != 0 ] ; then\n    # print error to STDERR\n    echo \"error: The sandbox is not in sync with the Podfile.lock. Run 'pod install' or update your CocoaPods installation.\" >&2\n    exit 1\nfi\n# This output is used by Xcode 'outputs' to avoid re-running this script phase.\necho \"SUCCESS\" > \"${SCRIPT_OUTPUT_FILE_0}\"\n";
			showEnvVarsInLog = 0;
		};
		BD2D0AB50630F7DD1DDE78F8 /* [CP] Embed Pods Frameworks */ = {
			isa = PBXShellScriptBuildPhase;
			buildActionMask = 2147483647;
			files = (
			);
			inputPaths = (
				"${SRCROOT}/Pods/Target Support Files/Pods-BasicServicesLib/Pods-BasicServicesLib-frameworks.sh",
				"${BUILT_PRODUCTS_DIR}/AFNetworking/AFNetworking.framework",
				"${BUILT_PRODUCTS_DIR}/FMDB/FMDB.framework",
				"${BUILT_PRODUCTS_DIR}/MBProgressHUD/MBProgressHUD.framework",
			);
			name = "[CP] Embed Pods Frameworks";
			outputPaths = (
				"${TARGET_BUILD_DIR}/${FRAMEWORKS_FOLDER_PATH}/AFNetworking.framework",
				"${TARGET_BUILD_DIR}/${FRAMEWORKS_FOLDER_PATH}/FMDB.framework",
				"${TARGET_BUILD_DIR}/${FRAMEWORKS_FOLDER_PATH}/MBProgressHUD.framework",
			);
			runOnlyForDeploymentPostprocessing = 0;
			shellPath = /bin/sh;
			shellScript = "\"${SRCROOT}/Pods/Target Support Files/Pods-BasicServicesLib/Pods-BasicServicesLib-frameworks.sh\"\n";
			showEnvVarsInLog = 0;
		};
/* End PBXShellScriptBuildPhase section */

/* Begin PBXSourcesBuildPhase section */
		8CD3BE212227787600006DEA /* Sources */ = {
			isa = PBXSourcesBuildPhase;
			buildActionMask = 2147483647;
			files = (
				8C059F66222A31CC006C4611 /* UIWindow+TransitionRootVc.m in Sources */,
				8CEEA4842230C52500AFA055 /* URLSessionTask.m in Sources */,
				8C997CF5222A2CBB00BD0CAF /* UIView+UINib.m in Sources */,
				8C997CFB222A2EDC00BD0CAF /* UIAlertController+Shortcut.m in Sources */,
				8CD73EDC2238A90C00B683DC /* PresentedHUDBasicViewController.m in Sources */,
				8CD3BE2D2227787600006DEA /* ViewController.m in Sources */,
				8C1B9F88222D07EB00AA270E /* NoDatasourceView.m in Sources */,
				8CD3BE382227787800006DEA /* main.m in Sources */,
				8C1B9F85222CFECB00AA270E /* UIView+NoDatasource.m in Sources */,
				8CD3BE5C2227CEEC00006DEA /* NSDictionary+KeyValueAddition.m in Sources */,
				8CEEA48A2230F09900AFA055 /* URLSessionTaskURL.m in Sources */,
				8C18E3CD22373FCC0048BE7D /* URLSessionTaskResponse.m in Sources */,
				8C1A5E672229093400A0177D /* NSString+Encrypt.m in Sources */,
				8C1A5E732229392800A0177D /* NSString+Size.m in Sources */,
				8C997CF8222A2D8900BD0CAF /* UIView+CGRect.m in Sources */,
				8C1A5E7922293A5A00A0177D /* UIView+CornerRadius.m in Sources */,
				8C1A5E64222907B100A0177D /* NSString+UIColor.m in Sources */,
				8C997CEC222A286700BD0CAF /* UIView+UIViewController.m in Sources */,
				8C059F63222A308B006C4611 /* UITextField+Placeholder.m in Sources */,
				8CD73EE32238E4D200B683DC /* UIPlaceholderTextView.m in Sources */,
				8C1A5E6D22292BEA00A0177D /* NSData+Base64.m in Sources */,
				8CD3BE2A2227787600006DEA /* AppDelegate.m in Sources */,
				8CD3BE552227C4B600006DEA /* NSBundle+BasicServicesLibResource.m in Sources */,
				8C997CF2222A2B9800BD0CAF /* UIImage+UIColor.m in Sources */,
				8C1B9F90222D2E0800AA270E /* TableViewController.m in Sources */,
				8CEEA47E2230C12300AFA055 /* URLSessionTaskPool.m in Sources */,
				8CD73EE02238DF5A00B683DC /* UIRelayoutButton.m in Sources */,
				8C1A5E762229399E00A0177D /* NSString+Base64.m in Sources */,
				8CD3BE4B2227825E00006DEA /* MBProgressHUDUtil.m in Sources */,
				8C1A5E612228DFA200A0177D /* TimeUtil.m in Sources */,
				8C059F6C222A6FBD006C4611 /* DecimalUtil.m in Sources */,
				8C1A5E70222938E200A0177D /* NSString+Pinyin.m in Sources */,
				8C059F69222A53FE006C4611 /* UIButton+StateColor.m in Sources */,
				8C18E3D02237A81F0048BE7D /* URLSessionChainTask.m in Sources */,
				8CD3BE4722277DA500006DEA /* Constants.m in Sources */,
				8C1A5E6A22290BF100A0177D /* NSData+Encrypt.m in Sources */,
				8CEE6F90222E12ED00BD68F8 /* SqliteDatabase.m in Sources */,
				8CEEA4872230C5DD00AFA055 /* URLSessionTaskParams.m in Sources */,
			);
			runOnlyForDeploymentPostprocessing = 0;
		};
/* End PBXSourcesBuildPhase section */

/* Begin PBXVariantGroup section */
		8CD3BE2E2227787600006DEA /* Main.storyboard */ = {
			isa = PBXVariantGroup;
			children = (
				8CD3BE2F2227787600006DEA /* Base */,
			);
			name = Main.storyboard;
			sourceTree = "<group>";
		};
		8CD3BE332227787800006DEA /* LaunchScreen.storyboard */ = {
			isa = PBXVariantGroup;
			children = (
				8CD3BE342227787800006DEA /* Base */,
			);
			name = LaunchScreen.storyboard;
			sourceTree = "<group>";
		};
/* End PBXVariantGroup section */

/* Begin XCBuildConfiguration section */
		8CD3BE392227787800006DEA /* Debug */ = {
			isa = XCBuildConfiguration;
			buildSettings = {
				ALWAYS_SEARCH_USER_PATHS = NO;
				CLANG_ANALYZER_NONNULL = YES;
				CLANG_ANALYZER_NUMBER_OBJECT_CONVERSION = YES_AGGRESSIVE;
				CLANG_CXX_LANGUAGE_STANDARD = "gnu++14";
				CLANG_CXX_LIBRARY = "libc++";
				CLANG_ENABLE_MODULES = YES;
				CLANG_ENABLE_OBJC_ARC = YES;
				CLANG_ENABLE_OBJC_WEAK = YES;
				CLANG_WARN_BLOCK_CAPTURE_AUTORELEASING = YES;
				CLANG_WARN_BOOL_CONVERSION = YES;
				CLANG_WARN_COMMA = YES;
				CLANG_WARN_CONSTANT_CONVERSION = YES;
				CLANG_WARN_DEPRECATED_OBJC_IMPLEMENTATIONS = YES;
				CLANG_WARN_DIRECT_OBJC_ISA_USAGE = YES_ERROR;
				CLANG_WARN_DOCUMENTATION_COMMENTS = YES;
				CLANG_WARN_EMPTY_BODY = YES;
				CLANG_WARN_ENUM_CONVERSION = YES;
				CLANG_WARN_INFINITE_RECURSION = YES;
				CLANG_WARN_INT_CONVERSION = YES;
				CLANG_WARN_NON_LITERAL_NULL_CONVERSION = YES;
				CLANG_WARN_OBJC_IMPLICIT_RETAIN_SELF = YES;
				CLANG_WARN_OBJC_LITERAL_CONVERSION = YES;
				CLANG_WARN_OBJC_ROOT_CLASS = YES_ERROR;
				CLANG_WARN_RANGE_LOOP_ANALYSIS = YES;
				CLANG_WARN_STRICT_PROTOTYPES = YES;
				CLANG_WARN_SUSPICIOUS_MOVE = YES;
				CLANG_WARN_UNGUARDED_AVAILABILITY = YES_AGGRESSIVE;
				CLANG_WARN_UNREACHABLE_CODE = YES;
				CLANG_WARN__DUPLICATE_METHOD_MATCH = YES;
				CODE_SIGN_IDENTITY = "iPhone Developer";
				COPY_PHASE_STRIP = NO;
				DEBUG_INFORMATION_FORMAT = dwarf;
				ENABLE_STRICT_OBJC_MSGSEND = YES;
				ENABLE_TESTABILITY = YES;
				GCC_C_LANGUAGE_STANDARD = gnu11;
				GCC_DYNAMIC_NO_PIC = NO;
				GCC_NO_COMMON_BLOCKS = YES;
				GCC_OPTIMIZATION_LEVEL = 0;
				GCC_PREPROCESSOR_DEFINITIONS = (
					"DEBUG=1",
					"$(inherited)",
				);
				GCC_WARN_64_TO_32_BIT_CONVERSION = YES;
				GCC_WARN_ABOUT_RETURN_TYPE = YES_ERROR;
				GCC_WARN_UNDECLARED_SELECTOR = YES;
				GCC_WARN_UNINITIALIZED_AUTOS = YES_AGGRESSIVE;
				GCC_WARN_UNUSED_FUNCTION = YES;
				GCC_WARN_UNUSED_VARIABLE = YES;
				IPHONEOS_DEPLOYMENT_TARGET = 9.0;
				MTL_ENABLE_DEBUG_INFO = INCLUDE_SOURCE;
				MTL_FAST_MATH = YES;
				ONLY_ACTIVE_ARCH = YES;
				SDKROOT = iphoneos;
			};
			name = Debug;
		};
		8CD3BE3A2227787800006DEA /* Release */ = {
			isa = XCBuildConfiguration;
			buildSettings = {
				ALWAYS_SEARCH_USER_PATHS = NO;
				CLANG_ANALYZER_NONNULL = YES;
				CLANG_ANALYZER_NUMBER_OBJECT_CONVERSION = YES_AGGRESSIVE;
				CLANG_CXX_LANGUAGE_STANDARD = "gnu++14";
				CLANG_CXX_LIBRARY = "libc++";
				CLANG_ENABLE_MODULES = YES;
				CLANG_ENABLE_OBJC_ARC = YES;
				CLANG_ENABLE_OBJC_WEAK = YES;
				CLANG_WARN_BLOCK_CAPTURE_AUTORELEASING = YES;
				CLANG_WARN_BOOL_CONVERSION = YES;
				CLANG_WARN_COMMA = YES;
				CLANG_WARN_CONSTANT_CONVERSION = YES;
				CLANG_WARN_DEPRECATED_OBJC_IMPLEMENTATIONS = YES;
				CLANG_WARN_DIRECT_OBJC_ISA_USAGE = YES_ERROR;
				CLANG_WARN_DOCUMENTATION_COMMENTS = YES;
				CLANG_WARN_EMPTY_BODY = YES;
				CLANG_WARN_ENUM_CONVERSION = YES;
				CLANG_WARN_INFINITE_RECURSION = YES;
				CLANG_WARN_INT_CONVERSION = YES;
				CLANG_WARN_NON_LITERAL_NULL_CONVERSION = YES;
				CLANG_WARN_OBJC_IMPLICIT_RETAIN_SELF = YES;
				CLANG_WARN_OBJC_LITERAL_CONVERSION = YES;
				CLANG_WARN_OBJC_ROOT_CLASS = YES_ERROR;
				CLANG_WARN_RANGE_LOOP_ANALYSIS = YES;
				CLANG_WARN_STRICT_PROTOTYPES = YES;
				CLANG_WARN_SUSPICIOUS_MOVE = YES;
				CLANG_WARN_UNGUARDED_AVAILABILITY = YES_AGGRESSIVE;
				CLANG_WARN_UNREACHABLE_CODE = YES;
				CLANG_WARN__DUPLICATE_METHOD_MATCH = YES;
				CODE_SIGN_IDENTITY = "iPhone Developer";
				COPY_PHASE_STRIP = NO;
				DEBUG_INFORMATION_FORMAT = "dwarf-with-dsym";
				ENABLE_NS_ASSERTIONS = NO;
				ENABLE_STRICT_OBJC_MSGSEND = YES;
				GCC_C_LANGUAGE_STANDARD = gnu11;
				GCC_NO_COMMON_BLOCKS = YES;
				GCC_WARN_64_TO_32_BIT_CONVERSION = YES;
				GCC_WARN_ABOUT_RETURN_TYPE = YES_ERROR;
				GCC_WARN_UNDECLARED_SELECTOR = YES;
				GCC_WARN_UNINITIALIZED_AUTOS = YES_AGGRESSIVE;
				GCC_WARN_UNUSED_FUNCTION = YES;
				GCC_WARN_UNUSED_VARIABLE = YES;
				IPHONEOS_DEPLOYMENT_TARGET = 9.0;
				MTL_ENABLE_DEBUG_INFO = NO;
				MTL_FAST_MATH = YES;
				SDKROOT = iphoneos;
				VALIDATE_PRODUCT = YES;
			};
			name = Release;
		};
		8CD3BE3C2227787800006DEA /* Debug */ = {
			isa = XCBuildConfiguration;
			baseConfigurationReference = 2BB3F58A39AD152E44C35F38 /* Pods-BasicServicesLib.debug.xcconfig */;
			buildSettings = {
				ASSETCATALOG_COMPILER_APPICON_NAME = AppIcon;
				CODE_SIGN_STYLE = Automatic;
				DEVELOPMENT_TEAM = "";
				INFOPLIST_FILE = BasicServicesLib/Info.plist;
				LD_RUNPATH_SEARCH_PATHS = (
					"$(inherited)",
					"@executable_path/Frameworks",
				);
				PRODUCT_BUNDLE_IDENTIFIER = .com.demo.Luckeyhill.BasicServicesLib;
				PRODUCT_NAME = "$(TARGET_NAME)";
				TARGETED_DEVICE_FAMILY = "1,2";
			};
			name = Debug;
		};
		8CD3BE3D2227787800006DEA /* Release */ = {
			isa = XCBuildConfiguration;
			baseConfigurationReference = 343C6EBD74034ACDF9DAE2AF /* Pods-BasicServicesLib.release.xcconfig */;
			buildSettings = {
				ASSETCATALOG_COMPILER_APPICON_NAME = AppIcon;
				CODE_SIGN_STYLE = Automatic;
				DEVELOPMENT_TEAM = "";
				INFOPLIST_FILE = BasicServicesLib/Info.plist;
				LD_RUNPATH_SEARCH_PATHS = (
					"$(inherited)",
					"@executable_path/Frameworks",
				);
				PRODUCT_BUNDLE_IDENTIFIER = .com.demo.Luckeyhill.BasicServicesLib;
				PRODUCT_NAME = "$(TARGET_NAME)";
				TARGETED_DEVICE_FAMILY = "1,2";
			};
			name = Release;
		};
/* End XCBuildConfiguration section */

/* Begin XCConfigurationList section */
		8CD3BE202227787600006DEA /* Build configuration list for PBXProject "BasicServicesLib" */ = {
			isa = XCConfigurationList;
			buildConfigurations = (
				8CD3BE392227787800006DEA /* Debug */,
				8CD3BE3A2227787800006DEA /* Release */,
			);
			defaultConfigurationIsVisible = 0;
			defaultConfigurationName = Release;
		};
		8CD3BE3B2227787800006DEA /* Build configuration list for PBXNativeTarget "BasicServicesLib" */ = {
			isa = XCConfigurationList;
			buildConfigurations = (
				8CD3BE3C2227787800006DEA /* Debug */,
				8CD3BE3D2227787800006DEA /* Release */,
			);
			defaultConfigurationIsVisible = 0;
			defaultConfigurationName = Release;
		};
/* End XCConfigurationList section */
	};
	rootObject = 8CD3BE1D2227787600006DEA /* Project object */;
}
