// !$*UTF8*$!
{
	archiveVersion = 1;
	classes = {
	};
	objectVersion = 50;
	objects = {

/* Begin PBXBuildFile section */
		28873D0BE0F7B24DE78F52A1 /* Pods_BasicServicesLib.framework in Frameworks */ = {isa = PBXBuildFile; fileRef = FF3C680EF1022A4514245C2B /* Pods_BasicServicesLib.framework */; };
		8C3E97612244CA2B0036A03A /* NSNotificationCenter+ObserverBlocked.m in Sources */ = {isa = PBXBuildFile; fileRef = 8C3E97602244CA2B0036A03A /* NSNotificationCenter+ObserverBlocked.m */; };
		8C3E97632244D27A0036A03A /* NOTICE.md in Resources */ = {isa = PBXBuildFile; fileRef = 8C3E97622244D27A0036A03A /* NOTICE.md */; };
		8C96226F223F9669007AD201 /* Functions.m in Sources */ = {isa = PBXBuildFile; fileRef = 8C96226E223F9668007AD201 /* Functions.m */; };
		8CA2394A22438AA000DFCC9B /* NSDate+NSCalendar.m in Sources */ = {isa = PBXBuildFile; fileRef = 8CA2394922438AA000DFCC9B /* NSDate+NSCalendar.m */; };
		8CA36A3B224B375300321F97 /* View.m in Sources */ = {isa = PBXBuildFile; fileRef = 8CA36A3A224B375300321F97 /* View.m */; };
		8CEE8D002244B0120057BB3E /* NSObject+KVOBlocked.m in Sources */ = {isa = PBXBuildFile; fileRef = 8CEE8CFF2244B0120057BB3E /* NSObject+KVOBlocked.m */; };
		8CEE8D062244BCA10057BB3E /* UIControl+SelectorBlocked.m in Sources */ = {isa = PBXBuildFile; fileRef = 8CEE8D052244BCA10057BB3E /* UIControl+SelectorBlocked.m */; };
		8CF030BE224336620083DB55 /* UIImage+Snapshot.m in Sources */ = {isa = PBXBuildFile; fileRef = 8CF030BD224336620083DB55 /* UIImage+Snapshot.m */; };
		8CF030C1224337B20083DB55 /* UIImage+CornerRadius.m in Sources */ = {isa = PBXBuildFile; fileRef = 8CF030C0224337B20083DB55 /* UIImage+CornerRadius.m */; };
		8CF6967B2239FAAF00DCECC7 /* Assets.xcassets in Resources */ = {isa = PBXBuildFile; fileRef = 8CF6966F2239FAAF00DCECC7 /* Assets.xcassets */; };
		8CF6967C2239FAAF00DCECC7 /* order_list.geojson in Resources */ = {isa = PBXBuildFile; fileRef = 8CF696702239FAAF00DCECC7 /* order_list.geojson */; };
		8CF6967D2239FAAF00DCECC7 /* ViewController.m in Sources */ = {isa = PBXBuildFile; fileRef = 8CF696712239FAAF00DCECC7 /* ViewController.m */; };
		8CF6967E2239FAAF00DCECC7 /* LaunchScreen.storyboard in Resources */ = {isa = PBXBuildFile; fileRef = 8CF696722239FAAF00DCECC7 /* LaunchScreen.storyboard */; };
		8CF6967F2239FAAF00DCECC7 /* Main.storyboard in Resources */ = {isa = PBXBuildFile; fileRef = 8CF696742239FAAF00DCECC7 /* Main.storyboard */; };
		8CF696802239FAAF00DCECC7 /* main.m in Sources */ = {isa = PBXBuildFile; fileRef = 8CF696762239FAAF00DCECC7 /* main.m */; };
		8CF696812239FAAF00DCECC7 /* AppDelegate.m in Sources */ = {isa = PBXBuildFile; fileRef = 8CF696772239FAAF00DCECC7 /* AppDelegate.m */; };
		8CF696822239FAAF00DCECC7 /* TableViewController.m in Sources */ = {isa = PBXBuildFile; fileRef = 8CF696782239FAAF00DCECC7 /* TableViewController.m */; };
		8CF696D52239FAF000DCECC7 /* SqliteDatabase.m in Sources */ = {isa = PBXBuildFile; fileRef = 8CF696892239FAF000DCECC7 /* SqliteDatabase.m */; };
		8CF696D62239FAF000DCECC7 /* NSBundle+BasicServicesLibResource.m in Sources */ = {isa = PBXBuildFile; fileRef = 8CF6968C2239FAF000DCECC7 /* NSBundle+BasicServicesLibResource.m */; };
		8CF696D72239FAF000DCECC7 /* NSString+Base64.m in Sources */ = {isa = PBXBuildFile; fileRef = 8CF6968E2239FAF000DCECC7 /* NSString+Base64.m */; };
		8CF696D82239FAF000DCECC7 /* UIView+CGRect.m in Sources */ = {isa = PBXBuildFile; fileRef = 8CF6968F2239FAF000DCECC7 /* UIView+CGRect.m */; };
		8CF696D92239FAF000DCECC7 /* NSString+Encrypt.m in Sources */ = {isa = PBXBuildFile; fileRef = 8CF696902239FAF000DCECC7 /* NSString+Encrypt.m */; };
		8CF696DA2239FAF000DCECC7 /* NSString+Pinyin.m in Sources */ = {isa = PBXBuildFile; fileRef = 8CF696932239FAF000DCECC7 /* NSString+Pinyin.m */; };
		8CF696DB2239FAF000DCECC7 /* UIWindow+TransitionRootVc.m in Sources */ = {isa = PBXBuildFile; fileRef = 8CF696952239FAF000DCECC7 /* UIWindow+TransitionRootVc.m */; };
		8CF696DC2239FAF000DCECC7 /* UITextField+Placeholder.m in Sources */ = {isa = PBXBuildFile; fileRef = 8CF6969A2239FAF000DCECC7 /* UITextField+Placeholder.m */; };
		8CF696DD2239FAF000DCECC7 /* UIView+CornerRadius.m in Sources */ = {isa = PBXBuildFile; fileRef = 8CF6969F2239FAF000DCECC7 /* UIView+CornerRadius.m */; };
		8CF696DE2239FAF000DCECC7 /* UIView+UIViewController.m in Sources */ = {isa = PBXBuildFile; fileRef = 8CF696A32239FAF000DCECC7 /* UIView+UIViewController.m */; };
		8CF696DF2239FAF000DCECC7 /* UIButton+StateColor.m in Sources */ = {isa = PBXBuildFile; fileRef = 8CF696A42239FAF000DCECC7 /* UIButton+StateColor.m */; };
		8CF696E02239FAF000DCECC7 /* NSData+Encrypt.m in Sources */ = {isa = PBXBuildFile; fileRef = 8CF696A52239FAF000DCECC7 /* NSData+Encrypt.m */; };
		8CF696E12239FAF000DCECC7 /* UIAlertController+Shortcut.m in Sources */ = {isa = PBXBuildFile; fileRef = 8CF696A82239FAF000DCECC7 /* UIAlertController+Shortcut.m */; };
		8CF696E22239FAF000DCECC7 /* NSString+Size.m in Sources */ = {isa = PBXBuildFile; fileRef = 8CF696A92239FAF000DCECC7 /* NSString+Size.m */; };
		8CF696E32239FAF000DCECC7 /* UIView+UINib.m in Sources */ = {isa = PBXBuildFile; fileRef = 8CF696AA2239FAF000DCECC7 /* UIView+UINib.m */; };
		8CF696E42239FAF000DCECC7 /* NSData+Base64.m in Sources */ = {isa = PBXBuildFile; fileRef = 8CF696AB2239FAF000DCECC7 /* NSData+Base64.m */; };
		8CF696E52239FAF000DCECC7 /* UIImage+UIColor.m in Sources */ = {isa = PBXBuildFile; fileRef = 8CF696AC2239FAF000DCECC7 /* UIImage+UIColor.m */; };
		8CF696E62239FAF000DCECC7 /* NSDictionary+KeyValueAddition.m in Sources */ = {isa = PBXBuildFile; fileRef = 8CF696AE2239FAF000DCECC7 /* NSDictionary+KeyValueAddition.m */; };
		8CF696E72239FAF000DCECC7 /* NSString+UIColor.m in Sources */ = {isa = PBXBuildFile; fileRef = 8CF696AF2239FAF000DCECC7 /* NSString+UIColor.m */; };
		8CF696E82239FAF000DCECC7 /* BasicServicesLib.bundle in Resources */ = {isa = PBXBuildFile; fileRef = 8CF696B02239FAF000DCECC7 /* BasicServicesLib.bundle */; };
		8CF696E92239FAF000DCECC7 /* UIRelayoutButton.m in Sources */ = {isa = PBXBuildFile; fileRef = 8CF696B32239FAF000DCECC7 /* UIRelayoutButton.m */; };
		8CF696EA2239FAF000DCECC7 /* UIView+NoDatasource.m in Sources */ = {isa = PBXBuildFile; fileRef = 8CF696B42239FAF000DCECC7 /* UIView+NoDatasource.m */; };
		8CF696EB2239FAF000DCECC7 /* UIPlaceholderTextView.m in Sources */ = {isa = PBXBuildFile; fileRef = 8CF696B72239FAF000DCECC7 /* UIPlaceholderTextView.m */; };
		8CF696EC2239FAF000DCECC7 /* PresentedHUDBasicViewController.m in Sources */ = {isa = PBXBuildFile; fileRef = 8CF696B82239FAF000DCECC7 /* PresentedHUDBasicViewController.m */; };
		8CF696ED2239FAF000DCECC7 /* NoDatasourceView.m in Sources */ = {isa = PBXBuildFile; fileRef = 8CF696B92239FAF000DCECC7 /* NoDatasourceView.m */; };
		8CF696EE2239FAF000DCECC7 /* URLSessionChainTask.m in Sources */ = {isa = PBXBuildFile; fileRef = 8CF696BF2239FAF000DCECC7 /* URLSessionChainTask.m */; };
		8CF696EF2239FAF000DCECC7 /* URLSessionTask.m in Sources */ = {isa = PBXBuildFile; fileRef = 8CF696C22239FAF000DCECC7 /* URLSessionTask.m */; };
		8CF696F02239FAF000DCECC7 /* URLSessionTaskParams.m in Sources */ = {isa = PBXBuildFile; fileRef = 8CF696C32239FAF000DCECC7 /* URLSessionTaskParams.m */; };
		8CF696F12239FAF000DCECC7 /* URLSessionTaskPool.m in Sources */ = {isa = PBXBuildFile; fileRef = 8CF696C42239FAF000DCECC7 /* URLSessionTaskPool.m */; };
		8CF696F22239FAF000DCECC7 /* URLSessionTaskResponse.m in Sources */ = {isa = PBXBuildFile; fileRef = 8CF696C62239FAF000DCECC7 /* URLSessionTaskResponse.m */; };
		8CF696F32239FAF000DCECC7 /* URLSessionTaskURL.m in Sources */ = {isa = PBXBuildFile; fileRef = 8CF696C72239FAF000DCECC7 /* URLSessionTaskURL.m */; };
		8CF696F42239FAF000DCECC7 /* TimeUtil.m in Sources */ = {isa = PBXBuildFile; fileRef = 8CF696CB2239FAF000DCECC7 /* TimeUtil.m */; };
		8CF696F52239FAF000DCECC7 /* DecimalUtil.m in Sources */ = {isa = PBXBuildFile; fileRef = 8CF696CC2239FAF000DCECC7 /* DecimalUtil.m */; };
		8CF696F62239FAF000DCECC7 /* MBProgressHUDUtil.m in Sources */ = {isa = PBXBuildFile; fileRef = 8CF696CF2239FAF000DCECC7 /* MBProgressHUDUtil.m */; };
/* End PBXBuildFile section */

/* Begin PBXFileReference section */
		2BB3F58A39AD152E44C35F38 /* Pods-BasicServicesLib.debug.xcconfig */ = {isa = PBXFileReference; includeInIndex = 1; lastKnownFileType = text.xcconfig; name = "Pods-BasicServicesLib.debug.xcconfig"; path = "Pods/Target Support Files/Pods-BasicServicesLib/Pods-BasicServicesLib.debug.xcconfig"; sourceTree = "<group>"; };
		343C6EBD74034ACDF9DAE2AF /* Pods-BasicServicesLib.release.xcconfig */ = {isa = PBXFileReference; includeInIndex = 1; lastKnownFileType = text.xcconfig; name = "Pods-BasicServicesLib.release.xcconfig"; path = "Pods/Target Support Files/Pods-BasicServicesLib/Pods-BasicServicesLib.release.xcconfig"; sourceTree = "<group>"; };
		8C3E975F2244CA2B0036A03A /* NSNotificationCenter+ObserverBlocked.h */ = {isa = PBXFileReference; lastKnownFileType = sourcecode.c.h; path = "NSNotificationCenter+ObserverBlocked.h"; sourceTree = "<group>"; };
		8C3E97602244CA2B0036A03A /* NSNotificationCenter+ObserverBlocked.m */ = {isa = PBXFileReference; lastKnownFileType = sourcecode.c.objc; path = "NSNotificationCenter+ObserverBlocked.m"; sourceTree = "<group>"; };
		8C3E97622244D27A0036A03A /* NOTICE.md */ = {isa = PBXFileReference; lastKnownFileType = net.daringfireball.markdown; path = NOTICE.md; sourceTree = "<group>"; };
		8C96226D223F9668007AD201 /* Functions.h */ = {isa = PBXFileReference; lastKnownFileType = sourcecode.c.h; path = Functions.h; sourceTree = "<group>"; };
		8C96226E223F9668007AD201 /* Functions.m */ = {isa = PBXFileReference; lastKnownFileType = sourcecode.c.objc; path = Functions.m; sourceTree = "<group>"; };
		8C98B7A5223A310F00D547E5 /* Info.plist */ = {isa = PBXFileReference; fileEncoding = 4; lastKnownFileType = text.plist.xml; path = Info.plist; sourceTree = "<group>"; };
		8CA2394822438AA000DFCC9B /* NSDate+NSCalendar.h */ = {isa = PBXFileReference; lastKnownFileType = sourcecode.c.h; path = "NSDate+NSCalendar.h"; sourceTree = "<group>"; };
		8CA2394922438AA000DFCC9B /* NSDate+NSCalendar.m */ = {isa = PBXFileReference; lastKnownFileType = sourcecode.c.objc; path = "NSDate+NSCalendar.m"; sourceTree = "<group>"; };
		8CA36A39224B375300321F97 /* View.h */ = {isa = PBXFileReference; lastKnownFileType = sourcecode.c.h; path = View.h; sourceTree = "<group>"; };
		8CA36A3A224B375300321F97 /* View.m */ = {isa = PBXFileReference; lastKnownFileType = sourcecode.c.objc; path = View.m; sourceTree = "<group>"; };
		8CD3BE252227787600006DEA /* BasicServicesLib.app */ = {isa = PBXFileReference; explicitFileType = wrapper.application; includeInIndex = 0; path = BasicServicesLib.app; sourceTree = BUILT_PRODUCTS_DIR; };
		8CEE8CFE2244B0120057BB3E /* NSObject+KVOBlocked.h */ = {isa = PBXFileReference; lastKnownFileType = sourcecode.c.h; path = "NSObject+KVOBlocked.h"; sourceTree = "<group>"; };
		8CEE8CFF2244B0120057BB3E /* NSObject+KVOBlocked.m */ = {isa = PBXFileReference; lastKnownFileType = sourcecode.c.objc; path = "NSObject+KVOBlocked.m"; sourceTree = "<group>"; };
		8CEE8D042244BCA10057BB3E /* UIControl+SelectorBlocked.h */ = {isa = PBXFileReference; lastKnownFileType = sourcecode.c.h; path = "UIControl+SelectorBlocked.h"; sourceTree = "<group>"; };
		8CEE8D052244BCA10057BB3E /* UIControl+SelectorBlocked.m */ = {isa = PBXFileReference; lastKnownFileType = sourcecode.c.objc; path = "UIControl+SelectorBlocked.m"; sourceTree = "<group>"; };
		8CF030BC224336620083DB55 /* UIImage+Snapshot.h */ = {isa = PBXFileReference; lastKnownFileType = sourcecode.c.h; path = "UIImage+Snapshot.h"; sourceTree = "<group>"; };
		8CF030BD224336620083DB55 /* UIImage+Snapshot.m */ = {isa = PBXFileReference; lastKnownFileType = sourcecode.c.objc; path = "UIImage+Snapshot.m"; sourceTree = "<group>"; };
		8CF030BF224337B20083DB55 /* UIImage+CornerRadius.h */ = {isa = PBXFileReference; lastKnownFileType = sourcecode.c.h; path = "UIImage+CornerRadius.h"; sourceTree = "<group>"; };
		8CF030C0224337B20083DB55 /* UIImage+CornerRadius.m */ = {isa = PBXFileReference; lastKnownFileType = sourcecode.c.objc; path = "UIImage+CornerRadius.m"; sourceTree = "<group>"; };
		8CF6966D2239FAAF00DCECC7 /* AppDelegate.h */ = {isa = PBXFileReference; fileEncoding = 4; lastKnownFileType = sourcecode.c.h; path = AppDelegate.h; sourceTree = "<group>"; };
		8CF6966E2239FAAF00DCECC7 /* TableViewController.h */ = {isa = PBXFileReference; fileEncoding = 4; lastKnownFileType = sourcecode.c.h; path = TableViewController.h; sourceTree = "<group>"; };
		8CF6966F2239FAAF00DCECC7 /* Assets.xcassets */ = {isa = PBXFileReference; lastKnownFileType = folder.assetcatalog; path = Assets.xcassets; sourceTree = "<group>"; };
		8CF696702239FAAF00DCECC7 /* order_list.geojson */ = {isa = PBXFileReference; fileEncoding = 4; lastKnownFileType = text; path = order_list.geojson; sourceTree = "<group>"; };
		8CF696712239FAAF00DCECC7 /* ViewController.m */ = {isa = PBXFileReference; fileEncoding = 4; lastKnownFileType = sourcecode.c.objc; path = ViewController.m; sourceTree = "<group>"; };
		8CF696732239FAAF00DCECC7 /* Base */ = {isa = PBXFileReference; lastKnownFileType = file.storyboard; name = Base; path = Base.lproj/LaunchScreen.storyboard; sourceTree = "<group>"; };
		8CF696752239FAAF00DCECC7 /* Base */ = {isa = PBXFileReference; lastKnownFileType = file.storyboard; name = Base; path = Base.lproj/Main.storyboard; sourceTree = "<group>"; };
		8CF696762239FAAF00DCECC7 /* main.m */ = {isa = PBXFileReference; fileEncoding = 4; lastKnownFileType = sourcecode.c.objc; path = main.m; sourceTree = "<group>"; };
		8CF696772239FAAF00DCECC7 /* AppDelegate.m */ = {isa = PBXFileReference; fileEncoding = 4; lastKnownFileType = sourcecode.c.objc; path = AppDelegate.m; sourceTree = "<group>"; };
		8CF696782239FAAF00DCECC7 /* TableViewController.m */ = {isa = PBXFileReference; fileEncoding = 4; lastKnownFileType = sourcecode.c.objc; path = TableViewController.m; sourceTree = "<group>"; };
		8CF6967A2239FAAF00DCECC7 /* ViewController.h */ = {isa = PBXFileReference; fileEncoding = 4; lastKnownFileType = sourcecode.c.h; path = ViewController.h; sourceTree = "<group>"; };
		8CF696882239FAF000DCECC7 /* SqliteDatabase.h */ = {isa = PBXFileReference; fileEncoding = 4; lastKnownFileType = sourcecode.c.h; path = SqliteDatabase.h; sourceTree = "<group>"; };
		8CF696892239FAF000DCECC7 /* SqliteDatabase.m */ = {isa = PBXFileReference; fileEncoding = 4; lastKnownFileType = sourcecode.c.objc; path = SqliteDatabase.m; sourceTree = "<group>"; };
		8CF6968B2239FAF000DCECC7 /* NSBundle+BasicServicesLibResource.h */ = {isa = PBXFileReference; fileEncoding = 4; lastKnownFileType = sourcecode.c.h; path = "NSBundle+BasicServicesLibResource.h"; sourceTree = "<group>"; };
		8CF6968C2239FAF000DCECC7 /* NSBundle+BasicServicesLibResource.m */ = {isa = PBXFileReference; fileEncoding = 4; lastKnownFileType = sourcecode.c.objc; path = "NSBundle+BasicServicesLibResource.m"; sourceTree = "<group>"; };
		8CF6968E2239FAF000DCECC7 /* NSString+Base64.m */ = {isa = PBXFileReference; fileEncoding = 4; lastKnownFileType = sourcecode.c.objc; path = "NSString+Base64.m"; sourceTree = "<group>"; };
		8CF6968F2239FAF000DCECC7 /* UIView+CGRect.m */ = {isa = PBXFileReference; fileEncoding = 4; lastKnownFileType = sourcecode.c.objc; path = "UIView+CGRect.m"; sourceTree = "<group>"; };
		8CF696902239FAF000DCECC7 /* NSString+Encrypt.m */ = {isa = PBXFileReference; fileEncoding = 4; lastKnownFileType = sourcecode.c.objc; path = "NSString+Encrypt.m"; sourceTree = "<group>"; };
		8CF696912239FAF000DCECC7 /* UIView+CornerRadius.h */ = {isa = PBXFileReference; fileEncoding = 4; lastKnownFileType = sourcecode.c.h; path = "UIView+CornerRadius.h"; sourceTree = "<group>"; };
		8CF696922239FAF000DCECC7 /* UIAlertController+Shortcut.h */ = {isa = PBXFileReference; fileEncoding = 4; lastKnownFileType = sourcecode.c.h; path = "UIAlertController+Shortcut.h"; sourceTree = "<group>"; };
		8CF696932239FAF000DCECC7 /* NSString+Pinyin.m */ = {isa = PBXFileReference; fileEncoding = 4; lastKnownFileType = sourcecode.c.objc; path = "NSString+Pinyin.m"; sourceTree = "<group>"; };
		8CF696942239FAF000DCECC7 /* NSData+Encrypt.h */ = {isa = PBXFileReference; fileEncoding = 4; lastKnownFileType = sourcecode.c.h; path = "NSData+Encrypt.h"; sourceTree = "<group>"; };
		8CF696952239FAF000DCECC7 /* UIWindow+TransitionRootVc.m */ = {isa = PBXFileReference; fileEncoding = 4; lastKnownFileType = sourcecode.c.objc; path = "UIWindow+TransitionRootVc.m"; sourceTree = "<group>"; };
		8CF696962239FAF000DCECC7 /* UIButton+StateColor.h */ = {isa = PBXFileReference; fileEncoding = 4; lastKnownFileType = sourcecode.c.h; path = "UIButton+StateColor.h"; sourceTree = "<group>"; };
		8CF696972239FAF000DCECC7 /* UIView+UIViewController.h */ = {isa = PBXFileReference; fileEncoding = 4; lastKnownFileType = sourcecode.c.h; path = "UIView+UIViewController.h"; sourceTree = "<group>"; };
		8CF696982239FAF000DCECC7 /* NSString+UIColor.h */ = {isa = PBXFileReference; fileEncoding = 4; lastKnownFileType = sourcecode.c.h; path = "NSString+UIColor.h"; sourceTree = "<group>"; };
		8CF696992239FAF000DCECC7 /* NSDictionary+KeyValueAddition.h */ = {isa = PBXFileReference; fileEncoding = 4; lastKnownFileType = sourcecode.c.h; path = "NSDictionary+KeyValueAddition.h"; sourceTree = "<group>"; };
		8CF6969A2239FAF000DCECC7 /* UITextField+Placeholder.m */ = {isa = PBXFileReference; fileEncoding = 4; lastKnownFileType = sourcecode.c.objc; path = "UITextField+Placeholder.m"; sourceTree = "<group>"; };
		8CF6969B2239FAF000DCECC7 /* UIImage+UIColor.h */ = {isa = PBXFileReference; fileEncoding = 4; lastKnownFileType = sourcecode.c.h; path = "UIImage+UIColor.h"; sourceTree = "<group>"; };
		8CF6969C2239FAF000DCECC7 /* NSData+Base64.h */ = {isa = PBXFileReference; fileEncoding = 4; lastKnownFileType = sourcecode.c.h; path = "NSData+Base64.h"; sourceTree = "<group>"; };
		8CF6969D2239FAF000DCECC7 /* UIView+UINib.h */ = {isa = PBXFileReference; fileEncoding = 4; lastKnownFileType = sourcecode.c.h; path = "UIView+UINib.h"; sourceTree = "<group>"; };
		8CF6969E2239FAF000DCECC7 /* NSString+Size.h */ = {isa = PBXFileReference; fileEncoding = 4; lastKnownFileType = sourcecode.c.h; path = "NSString+Size.h"; sourceTree = "<group>"; };
		8CF6969F2239FAF000DCECC7 /* UIView+CornerRadius.m */ = {isa = PBXFileReference; fileEncoding = 4; lastKnownFileType = sourcecode.c.objc; path = "UIView+CornerRadius.m"; sourceTree = "<group>"; };
		8CF696A02239FAF000DCECC7 /* NSString+Encrypt.h */ = {isa = PBXFileReference; fileEncoding = 4; lastKnownFileType = sourcecode.c.h; path = "NSString+Encrypt.h"; sourceTree = "<group>"; };
		8CF696A12239FAF000DCECC7 /* UIView+CGRect.h */ = {isa = PBXFileReference; fileEncoding = 4; lastKnownFileType = sourcecode.c.h; path = "UIView+CGRect.h"; sourceTree = "<group>"; };
		8CF696A22239FAF000DCECC7 /* NSString+Base64.h */ = {isa = PBXFileReference; fileEncoding = 4; lastKnownFileType = sourcecode.c.h; path = "NSString+Base64.h"; sourceTree = "<group>"; };
		8CF696A32239FAF000DCECC7 /* UIView+UIViewController.m */ = {isa = PBXFileReference; fileEncoding = 4; lastKnownFileType = sourcecode.c.objc; path = "UIView+UIViewController.m"; sourceTree = "<group>"; };
		8CF696A42239FAF000DCECC7 /* UIButton+StateColor.m */ = {isa = PBXFileReference; fileEncoding = 4; lastKnownFileType = sourcecode.c.objc; path = "UIButton+StateColor.m"; sourceTree = "<group>"; };
		8CF696A52239FAF000DCECC7 /* NSData+Encrypt.m */ = {isa = PBXFileReference; fileEncoding = 4; lastKnownFileType = sourcecode.c.objc; path = "NSData+Encrypt.m"; sourceTree = "<group>"; };
		8CF696A62239FAF000DCECC7 /* UIWindow+TransitionRootVc.h */ = {isa = PBXFileReference; fileEncoding = 4; lastKnownFileType = sourcecode.c.h; path = "UIWindow+TransitionRootVc.h"; sourceTree = "<group>"; };
		8CF696A72239FAF000DCECC7 /* NSString+Pinyin.h */ = {isa = PBXFileReference; fileEncoding = 4; lastKnownFileType = sourcecode.c.h; path = "NSString+Pinyin.h"; sourceTree = "<group>"; };
		8CF696A82239FAF000DCECC7 /* UIAlertController+Shortcut.m */ = {isa = PBXFileReference; fileEncoding = 4; lastKnownFileType = sourcecode.c.objc; path = "UIAlertController+Shortcut.m"; sourceTree = "<group>"; };
		8CF696A92239FAF000DCECC7 /* NSString+Size.m */ = {isa = PBXFileReference; fileEncoding = 4; lastKnownFileType = sourcecode.c.objc; path = "NSString+Size.m"; sourceTree = "<group>"; };
		8CF696AA2239FAF000DCECC7 /* UIView+UINib.m */ = {isa = PBXFileReference; fileEncoding = 4; lastKnownFileType = sourcecode.c.objc; path = "UIView+UINib.m"; sourceTree = "<group>"; };
		8CF696AB2239FAF000DCECC7 /* NSData+Base64.m */ = {isa = PBXFileReference; fileEncoding = 4; lastKnownFileType = sourcecode.c.objc; path = "NSData+Base64.m"; sourceTree = "<group>"; };
		8CF696AC2239FAF000DCECC7 /* UIImage+UIColor.m */ = {isa = PBXFileReference; fileEncoding = 4; lastKnownFileType = sourcecode.c.objc; path = "UIImage+UIColor.m"; sourceTree = "<group>"; };
		8CF696AD2239FAF000DCECC7 /* UITextField+Placeholder.h */ = {isa = PBXFileReference; fileEncoding = 4; lastKnownFileType = sourcecode.c.h; path = "UITextField+Placeholder.h"; sourceTree = "<group>"; };
		8CF696AE2239FAF000DCECC7 /* NSDictionary+KeyValueAddition.m */ = {isa = PBXFileReference; fileEncoding = 4; lastKnownFileType = sourcecode.c.objc; path = "NSDictionary+KeyValueAddition.m"; sourceTree = "<group>"; };
		8CF696AF2239FAF000DCECC7 /* NSString+UIColor.m */ = {isa = PBXFileReference; fileEncoding = 4; lastKnownFileType = sourcecode.c.objc; path = "NSString+UIColor.m"; sourceTree = "<group>"; };
		8CF696B02239FAF000DCECC7 /* BasicServicesLib.bundle */ = {isa = PBXFileReference; lastKnownFileType = "wrapper.plug-in"; path = BasicServicesLib.bundle; sourceTree = "<group>"; };
		8CF696B22239FAF000DCECC7 /* UIPlaceholderTextView.h */ = {isa = PBXFileReference; fileEncoding = 4; lastKnownFileType = sourcecode.c.h; path = UIPlaceholderTextView.h; sourceTree = "<group>"; };
		8CF696B32239FAF000DCECC7 /* UIRelayoutButton.m */ = {isa = PBXFileReference; fileEncoding = 4; lastKnownFileType = sourcecode.c.objc; path = UIRelayoutButton.m; sourceTree = "<group>"; };
		8CF696B42239FAF000DCECC7 /* UIView+NoDatasource.m */ = {isa = PBXFileReference; fileEncoding = 4; lastKnownFileType = sourcecode.c.objc; path = "UIView+NoDatasource.m"; sourceTree = "<group>"; };
		8CF696B52239FAF000DCECC7 /* NoDatasourceView.h */ = {isa = PBXFileReference; fileEncoding = 4; lastKnownFileType = sourcecode.c.h; path = NoDatasourceView.h; sourceTree = "<group>"; };
		8CF696B62239FAF000DCECC7 /* PresentedHUDBasicViewController.h */ = {isa = PBXFileReference; fileEncoding = 4; lastKnownFileType = sourcecode.c.h; path = PresentedHUDBasicViewController.h; sourceTree = "<group>"; };
		8CF696B72239FAF000DCECC7 /* UIPlaceholderTextView.m */ = {isa = PBXFileReference; fileEncoding = 4; lastKnownFileType = sourcecode.c.objc; path = UIPlaceholderTextView.m; sourceTree = "<group>"; };
		8CF696B82239FAF000DCECC7 /* PresentedHUDBasicViewController.m */ = {isa = PBXFileReference; fileEncoding = 4; lastKnownFileType = sourcecode.c.objc; path = PresentedHUDBasicViewController.m; sourceTree = "<group>"; };
		8CF696B92239FAF000DCECC7 /* NoDatasourceView.m */ = {isa = PBXFileReference; fileEncoding = 4; lastKnownFileType = sourcecode.c.objc; path = NoDatasourceView.m; sourceTree = "<group>"; };
		8CF696BA2239FAF000DCECC7 /* UIView+NoDatasource.h */ = {isa = PBXFileReference; fileEncoding = 4; lastKnownFileType = sourcecode.c.h; path = "UIView+NoDatasource.h"; sourceTree = "<group>"; };
		8CF696BB2239FAF000DCECC7 /* UIRelayoutButton.h */ = {isa = PBXFileReference; fileEncoding = 4; lastKnownFileType = sourcecode.c.h; path = UIRelayoutButton.h; sourceTree = "<group>"; };
		8CF696BD2239FAF000DCECC7 /* URLSessionTaskParams.h */ = {isa = PBXFileReference; fileEncoding = 4; lastKnownFileType = sourcecode.c.h; path = URLSessionTaskParams.h; sourceTree = "<group>"; };
		8CF696BE2239FAF000DCECC7 /* URLSessionTaskResponse.h */ = {isa = PBXFileReference; fileEncoding = 4; lastKnownFileType = sourcecode.c.h; path = URLSessionTaskResponse.h; sourceTree = "<group>"; };
		8CF696BF2239FAF000DCECC7 /* URLSessionChainTask.m */ = {isa = PBXFileReference; fileEncoding = 4; lastKnownFileType = sourcecode.c.objc; path = URLSessionChainTask.m; sourceTree = "<group>"; };
		8CF696C02239FAF000DCECC7 /* URLSessionTaskPool.h */ = {isa = PBXFileReference; fileEncoding = 4; lastKnownFileType = sourcecode.c.h; path = URLSessionTaskPool.h; sourceTree = "<group>"; };
		8CF696C12239FAF000DCECC7 /* URLSessionTaskURL.h */ = {isa = PBXFileReference; fileEncoding = 4; lastKnownFileType = sourcecode.c.h; path = URLSessionTaskURL.h; sourceTree = "<group>"; };
		8CF696C22239FAF000DCECC7 /* URLSessionTask.m */ = {isa = PBXFileReference; fileEncoding = 4; lastKnownFileType = sourcecode.c.objc; path = URLSessionTask.m; sourceTree = "<group>"; };
		8CF696C32239FAF000DCECC7 /* URLSessionTaskParams.m */ = {isa = PBXFileReference; fileEncoding = 4; lastKnownFileType = sourcecode.c.objc; path = URLSessionTaskParams.m; sourceTree = "<group>"; };
		8CF696C42239FAF000DCECC7 /* URLSessionTaskPool.m */ = {isa = PBXFileReference; fileEncoding = 4; lastKnownFileType = sourcecode.c.objc; path = URLSessionTaskPool.m; sourceTree = "<group>"; };
		8CF696C52239FAF000DCECC7 /* URLSessionChainTask.h */ = {isa = PBXFileReference; fileEncoding = 4; lastKnownFileType = sourcecode.c.h; path = URLSessionChainTask.h; sourceTree = "<group>"; };
		8CF696C62239FAF000DCECC7 /* URLSessionTaskResponse.m */ = {isa = PBXFileReference; fileEncoding = 4; lastKnownFileType = sourcecode.c.objc; path = URLSessionTaskResponse.m; sourceTree = "<group>"; };
		8CF696C72239FAF000DCECC7 /* URLSessionTaskURL.m */ = {isa = PBXFileReference; fileEncoding = 4; lastKnownFileType = sourcecode.c.objc; path = URLSessionTaskURL.m; sourceTree = "<group>"; };
		8CF696C82239FAF000DCECC7 /* URLSessionTask.h */ = {isa = PBXFileReference; fileEncoding = 4; lastKnownFileType = sourcecode.c.h; path = URLSessionTask.h; sourceTree = "<group>"; };
		8CF696C92239FAF000DCECC7 /* BasicServicesLib.h */ = {isa = PBXFileReference; fileEncoding = 4; lastKnownFileType = sourcecode.c.h; path = BasicServicesLib.h; sourceTree = "<group>"; };
		8CF696CB2239FAF000DCECC7 /* TimeUtil.m */ = {isa = PBXFileReference; fileEncoding = 4; lastKnownFileType = sourcecode.c.objc; path = TimeUtil.m; sourceTree = "<group>"; };
		8CF696CC2239FAF000DCECC7 /* DecimalUtil.m */ = {isa = PBXFileReference; fileEncoding = 4; lastKnownFileType = sourcecode.c.objc; path = DecimalUtil.m; sourceTree = "<group>"; };
		8CF696CD2239FAF000DCECC7 /* MBProgressHUDUtil.h */ = {isa = PBXFileReference; fileEncoding = 4; lastKnownFileType = sourcecode.c.h; path = MBProgressHUDUtil.h; sourceTree = "<group>"; };
		8CF696CE2239FAF000DCECC7 /* TimeUtil.h */ = {isa = PBXFileReference; fileEncoding = 4; lastKnownFileType = sourcecode.c.h; path = TimeUtil.h; sourceTree = "<group>"; };
		8CF696CF2239FAF000DCECC7 /* MBProgressHUDUtil.m */ = {isa = PBXFileReference; fileEncoding = 4; lastKnownFileType = sourcecode.c.objc; path = MBProgressHUDUtil.m; sourceTree = "<group>"; };
		8CF696D02239FAF000DCECC7 /* DecimalUtil.h */ = {isa = PBXFileReference; fileEncoding = 4; lastKnownFileType = sourcecode.c.h; path = DecimalUtil.h; sourceTree = "<group>"; };
		8CF696D42239FAF000DCECC7 /* Macros.h */ = {isa = PBXFileReference; fileEncoding = 4; lastKnownFileType = sourcecode.c.h; path = Macros.h; sourceTree = "<group>"; };
		FF3C680EF1022A4514245C2B /* Pods_BasicServicesLib.framework */ = {isa = PBXFileReference; explicitFileType = wrapper.framework; includeInIndex = 0; path = Pods_BasicServicesLib.framework; sourceTree = BUILT_PRODUCTS_DIR; };
/* End PBXFileReference section */

/* Begin PBXFrameworksBuildPhase section */
		8CD3BE222227787600006DEA /* Frameworks */ = {
			isa = PBXFrameworksBuildPhase;
			buildActionMask = 2147483647;
			files = (
				28873D0BE0F7B24DE78F52A1 /* Pods_BasicServicesLib.framework in Frameworks */,
			);
			runOnlyForDeploymentPostprocessing = 0;
		};
/* End PBXFrameworksBuildPhase section */

/* Begin PBXGroup section */
		52E3355FC03477680FC75716 /* Frameworks */ = {
			isa = PBXGroup;
			children = (
				FF3C680EF1022A4514245C2B /* Pods_BasicServicesLib.framework */,
			);
			name = Frameworks;
			sourceTree = "<group>";
		};
		8C8016C1223A02D3001B02DF /* NSString */ = {
			isa = PBXGroup;
			children = (
				8CF6969E2239FAF000DCECC7 /* NSString+Size.h */,
				8CF696A92239FAF000DCECC7 /* NSString+Size.m */,
				8CF696982239FAF000DCECC7 /* NSString+UIColor.h */,
				8CF696AF2239FAF000DCECC7 /* NSString+UIColor.m */,
				8CF696A22239FAF000DCECC7 /* NSString+Base64.h */,
				8CF6968E2239FAF000DCECC7 /* NSString+Base64.m */,
				8CF696A02239FAF000DCECC7 /* NSString+Encrypt.h */,
				8CF696902239FAF000DCECC7 /* NSString+Encrypt.m */,
				8CF696A72239FAF000DCECC7 /* NSString+Pinyin.h */,
				8CF696932239FAF000DCECC7 /* NSString+Pinyin.m */,
			);
			path = NSString;
			sourceTree = "<group>";
		};
		8C8016C2223A032A001B02DF /* NSData */ = {
			isa = PBXGroup;
			children = (
				8CF696942239FAF000DCECC7 /* NSData+Encrypt.h */,
				8CF696A52239FAF000DCECC7 /* NSData+Encrypt.m */,
				8CF6969C2239FAF000DCECC7 /* NSData+Base64.h */,
				8CF696AB2239FAF000DCECC7 /* NSData+Base64.m */,
			);
			path = NSData;
			sourceTree = "<group>";
		};
		8C8016C3223A0347001B02DF /* NSDictionary */ = {
			isa = PBXGroup;
			children = (
				8CF696992239FAF000DCECC7 /* NSDictionary+KeyValueAddition.h */,
				8CF696AE2239FAF000DCECC7 /* NSDictionary+KeyValueAddition.m */,
			);
			path = NSDictionary;
			sourceTree = "<group>";
		};
		8C8016C4223A0353001B02DF /* UIView */ = {
			isa = PBXGroup;
			children = (
				8CF696A12239FAF000DCECC7 /* UIView+CGRect.h */,
				8CF6968F2239FAF000DCECC7 /* UIView+CGRect.m */,
				8CF696912239FAF000DCECC7 /* UIView+CornerRadius.h */,
				8CF6969F2239FAF000DCECC7 /* UIView+CornerRadius.m */,
				8CF696972239FAF000DCECC7 /* UIView+UIViewController.h */,
				8CF696A32239FAF000DCECC7 /* UIView+UIViewController.m */,
				8CF6969D2239FAF000DCECC7 /* UIView+UINib.h */,
				8CF696AA2239FAF000DCECC7 /* UIView+UINib.m */,
			);
			path = UIView;
			sourceTree = "<group>";
		};
		8C8016C5223A037F001B02DF /* UITextField */ = {
			isa = PBXGroup;
			children = (
				8CF696AD2239FAF000DCECC7 /* UITextField+Placeholder.h */,
				8CF6969A2239FAF000DCECC7 /* UITextField+Placeholder.m */,
			);
			path = UITextField;
			sourceTree = "<group>";
		};
		8C8016C6223A038D001B02DF /* UIButton */ = {
			isa = PBXGroup;
			children = (
				8CF696962239FAF000DCECC7 /* UIButton+StateColor.h */,
				8CF696A42239FAF000DCECC7 /* UIButton+StateColor.m */,
			);
			path = UIButton;
			sourceTree = "<group>";
		};
		8C8016C7223A0399001B02DF /* UIImage */ = {
			isa = PBXGroup;
			children = (
				8CF6969B2239FAF000DCECC7 /* UIImage+UIColor.h */,
				8CF696AC2239FAF000DCECC7 /* UIImage+UIColor.m */,
				8CF030BC224336620083DB55 /* UIImage+Snapshot.h */,
				8CF030BD224336620083DB55 /* UIImage+Snapshot.m */,
				8CF030BF224337B20083DB55 /* UIImage+CornerRadius.h */,
				8CF030C0224337B20083DB55 /* UIImage+CornerRadius.m */,
			);
			path = UIImage;
			sourceTree = "<group>";
		};
		8C8016C8223A03A2001B02DF /* UIAlertController */ = {
			isa = PBXGroup;
			children = (
				8CF696922239FAF000DCECC7 /* UIAlertController+Shortcut.h */,
				8CF696A82239FAF000DCECC7 /* UIAlertController+Shortcut.m */,
			);
			path = UIAlertController;
			sourceTree = "<group>";
		};
		8C8016C9223A03C5001B02DF /* UIWindow */ = {
			isa = PBXGroup;
			children = (
				8CF696A62239FAF000DCECC7 /* UIWindow+TransitionRootVc.h */,
				8CF696952239FAF000DCECC7 /* UIWindow+TransitionRootVc.m */,
			);
			path = UIWindow;
			sourceTree = "<group>";
		};
		8C8016CA223A03FE001B02DF /* UIPlaceholderTextView */ = {
			isa = PBXGroup;
			children = (
				8CF696B22239FAF000DCECC7 /* UIPlaceholderTextView.h */,
				8CF696B72239FAF000DCECC7 /* UIPlaceholderTextView.m */,
			);
			path = UIPlaceholderTextView;
			sourceTree = "<group>";
		};
		8C8016CB223A040C001B02DF /* UIRelayoutButton */ = {
			isa = PBXGroup;
			children = (
				8CF696BB2239FAF000DCECC7 /* UIRelayoutButton.h */,
				8CF696B32239FAF000DCECC7 /* UIRelayoutButton.m */,
			);
			path = UIRelayoutButton;
			sourceTree = "<group>";
		};
		8C8016CC223A041D001B02DF /* PresentedHUDBasicViewController */ = {
			isa = PBXGroup;
			children = (
				8CF696B62239FAF000DCECC7 /* PresentedHUDBasicViewController.h */,
				8CF696B82239FAF000DCECC7 /* PresentedHUDBasicViewController.m */,
			);
			path = PresentedHUDBasicViewController;
			sourceTree = "<group>";
		};
		8C8016CD223A0437001B02DF /* NoDatasourceView */ = {
			isa = PBXGroup;
			children = (
				8CF696BA2239FAF000DCECC7 /* UIView+NoDatasource.h */,
				8CF696B42239FAF000DCECC7 /* UIView+NoDatasource.m */,
				8CF696B52239FAF000DCECC7 /* NoDatasourceView.h */,
				8CF696B92239FAF000DCECC7 /* NoDatasourceView.m */,
			);
			path = NoDatasourceView;
			sourceTree = "<group>";
		};
		8CA2394722438A7A00DFCC9B /* NSDate */ = {
			isa = PBXGroup;
			children = (
				8CA2394822438AA000DFCC9B /* NSDate+NSCalendar.h */,
				8CA2394922438AA000DFCC9B /* NSDate+NSCalendar.m */,
			);
			path = NSDate;
			sourceTree = "<group>";
		};
		8CD3BE1C2227787600006DEA = {
			isa = PBXGroup;
			children = (
				8CF6966C2239FAAF00DCECC7 /* Example */,
				8CD3BE262227787600006DEA /* Products */,
				DDB5F0655C11E1D91499700D /* Pods */,
				52E3355FC03477680FC75716 /* Frameworks */,
			);
			sourceTree = "<group>";
		};
		8CD3BE262227787600006DEA /* Products */ = {
			isa = PBXGroup;
			children = (
				8CD3BE252227787600006DEA /* BasicServicesLib.app */,
			);
			name = Products;
			sourceTree = "<group>";
		};
		8CEE8CFD2244B0020057BB3E /* UIKit+Foundation+Blocked */ = {
			isa = PBXGroup;
			children = (
				8C3E97622244D27A0036A03A /* NOTICE.md */,
				8CEE8CFE2244B0120057BB3E /* NSObject+KVOBlocked.h */,
				8CEE8CFF2244B0120057BB3E /* NSObject+KVOBlocked.m */,
				8CEE8D042244BCA10057BB3E /* UIControl+SelectorBlocked.h */,
				8CEE8D052244BCA10057BB3E /* UIControl+SelectorBlocked.m */,
				8C3E975F2244CA2B0036A03A /* NSNotificationCenter+ObserverBlocked.h */,
				8C3E97602244CA2B0036A03A /* NSNotificationCenter+ObserverBlocked.m */,
			);
			path = "UIKit+Foundation+Blocked";
			sourceTree = "<group>";
		};
		8CF6966C2239FAAF00DCECC7 /* Example */ = {
			isa = PBXGroup;
			children = (
				8CF696862239FAF000DCECC7 /* BasicServicesLib */,
				8CF6966D2239FAAF00DCECC7 /* AppDelegate.h */,
				8CF696772239FAAF00DCECC7 /* AppDelegate.m */,
				8CF6966E2239FAAF00DCECC7 /* TableViewController.h */,
				8CF696782239FAAF00DCECC7 /* TableViewController.m */,
				8CF6967A2239FAAF00DCECC7 /* ViewController.h */,
				8CF696712239FAAF00DCECC7 /* ViewController.m */,
				8CA36A39224B375300321F97 /* View.h */,
				8CA36A3A224B375300321F97 /* View.m */,
				8C98B7A5223A310F00D547E5 /* Info.plist */,
				8CF6966F2239FAAF00DCECC7 /* Assets.xcassets */,
				8CF696702239FAAF00DCECC7 /* order_list.geojson */,
				8CF696722239FAAF00DCECC7 /* LaunchScreen.storyboard */,
				8CF696742239FAAF00DCECC7 /* Main.storyboard */,
				8CF696762239FAAF00DCECC7 /* main.m */,
			);
			path = Example;
			sourceTree = "<group>";
		};
		8CF696862239FAF000DCECC7 /* BasicServicesLib */ = {
			isa = PBXGroup;
			children = (
				8CF696C92239FAF000DCECC7 /* BasicServicesLib.h */,
				8CF696B02239FAF000DCECC7 /* BasicServicesLib.bundle */,
				8CF696D12239FAF000DCECC7 /* AppBase */,
				8CF696872239FAF000DCECC7 /* Database */,
				8CF696BC2239FAF000DCECC7 /* Networking */,
				8CF696B12239FAF000DCECC7 /* Classes */,
				8CF6968D2239FAF000DCECC7 /* Categroies */,
				8CF696CA2239FAF000DCECC7 /* Utils */,
				8CF6968A2239FAF000DCECC7 /* Privates */,
			);
			path = BasicServicesLib;
			sourceTree = SOURCE_ROOT;
		};
		8CF696872239FAF000DCECC7 /* Database */ = {
			isa = PBXGroup;
			children = (
				8CF696882239FAF000DCECC7 /* SqliteDatabase.h */,
				8CF696892239FAF000DCECC7 /* SqliteDatabase.m */,
			);
			path = Database;
			sourceTree = "<group>";
		};
		8CF6968A2239FAF000DCECC7 /* Privates */ = {
			isa = PBXGroup;
			children = (
				8CF6968B2239FAF000DCECC7 /* NSBundle+BasicServicesLibResource.h */,
				8CF6968C2239FAF000DCECC7 /* NSBundle+BasicServicesLibResource.m */,
			);
			path = Privates;
			sourceTree = "<group>";
		};
		8CF6968D2239FAF000DCECC7 /* Categroies */ = {
			isa = PBXGroup;
			children = (
				8CEE8CFD2244B0020057BB3E /* UIKit+Foundation+Blocked */,
				8CA2394722438A7A00DFCC9B /* NSDate */,
				8C8016C9223A03C5001B02DF /* UIWindow */,
				8C8016C1223A02D3001B02DF /* NSString */,
				8C8016C8223A03A2001B02DF /* UIAlertController */,
				8C8016C7223A0399001B02DF /* UIImage */,
				8C8016C6223A038D001B02DF /* UIButton */,
				8C8016C5223A037F001B02DF /* UITextField */,
				8C8016C4223A0353001B02DF /* UIView */,
				8C8016C3223A0347001B02DF /* NSDictionary */,
				8C8016C2223A032A001B02DF /* NSData */,
			);
			path = Categroies;
			sourceTree = "<group>";
		};
		8CF696B12239FAF000DCECC7 /* Classes */ = {
			isa = PBXGroup;
			children = (
				8C8016CD223A0437001B02DF /* NoDatasourceView */,
				8C8016CC223A041D001B02DF /* PresentedHUDBasicViewController */,
				8C8016CB223A040C001B02DF /* UIRelayoutButton */,
				8C8016CA223A03FE001B02DF /* UIPlaceholderTextView */,
			);
			path = Classes;
			sourceTree = "<group>";
		};
		8CF696BC2239FAF000DCECC7 /* Networking */ = {
			isa = PBXGroup;
			children = (
				8CF696C82239FAF000DCECC7 /* URLSessionTask.h */,
				8CF696C22239FAF000DCECC7 /* URLSessionTask.m */,
				8CF696BD2239FAF000DCECC7 /* URLSessionTaskParams.h */,
				8CF696C32239FAF000DCECC7 /* URLSessionTaskParams.m */,
				8CF696BE2239FAF000DCECC7 /* URLSessionTaskResponse.h */,
				8CF696C62239FAF000DCECC7 /* URLSessionTaskResponse.m */,
				8CF696C02239FAF000DCECC7 /* URLSessionTaskPool.h */,
				8CF696C42239FAF000DCECC7 /* URLSessionTaskPool.m */,
				8CF696C12239FAF000DCECC7 /* URLSessionTaskURL.h */,
				8CF696C72239FAF000DCECC7 /* URLSessionTaskURL.m */,
				8CF696C52239FAF000DCECC7 /* URLSessionChainTask.h */,
				8CF696BF2239FAF000DCECC7 /* URLSessionChainTask.m */,
			);
			path = Networking;
			sourceTree = "<group>";
		};
		8CF696CA2239FAF000DCECC7 /* Utils */ = {
			isa = PBXGroup;
			children = (
				8CF696CE2239FAF000DCECC7 /* TimeUtil.h */,
				8CF696CB2239FAF000DCECC7 /* TimeUtil.m */,
				8CF696CD2239FAF000DCECC7 /* MBProgressHUDUtil.h */,
				8CF696CF2239FAF000DCECC7 /* MBProgressHUDUtil.m */,
				8CF696D02239FAF000DCECC7 /* DecimalUtil.h */,
				8CF696CC2239FAF000DCECC7 /* DecimalUtil.m */,
			);
			path = Utils;
			sourceTree = "<group>";
		};
		8CF696D12239FAF000DCECC7 /* AppBase */ = {
			isa = PBXGroup;
			children = (
				8CF696D42239FAF000DCECC7 /* Macros.h */,
				8C96226D223F9668007AD201 /* Functions.h */,
				8C96226E223F9668007AD201 /* Functions.m */,
			);
			path = AppBase;
			sourceTree = "<group>";
		};
		DDB5F0655C11E1D91499700D /* Pods */ = {
			isa = PBXGroup;
			children = (
				2BB3F58A39AD152E44C35F38 /* Pods-BasicServicesLib.debug.xcconfig */,
				343C6EBD74034ACDF9DAE2AF /* Pods-BasicServicesLib.release.xcconfig */,
			);
			name = Pods;
			sourceTree = "<group>";
		};
/* End PBXGroup section */

/* Begin PBXNativeTarget section */
		8CD3BE242227787600006DEA /* BasicServicesLib */ = {
			isa = PBXNativeTarget;
			buildConfigurationList = 8CD3BE3B2227787800006DEA /* Build configuration list for PBXNativeTarget "BasicServicesLib" */;
			buildPhases = (
				0491DDB2BC687E54ECF8420C /* [CP] Check Pods Manifest.lock */,
				8CD3BE212227787600006DEA /* Sources */,
				8CD3BE222227787600006DEA /* Frameworks */,
				8CD3BE232227787600006DEA /* Resources */,
				BD2D0AB50630F7DD1DDE78F8 /* [CP] Embed Pods Frameworks */,
			);
			buildRules = (
			);
			dependencies = (
			);
			name = BasicServicesLib;
			productName = BasicServicesLib;
			productReference = 8CD3BE252227787600006DEA /* BasicServicesLib.app */;
			productType = "com.apple.product-type.application";
		};
/* End PBXNativeTarget section */

/* Begin PBXProject section */
		8CD3BE1D2227787600006DEA /* Project object */ = {
			isa = PBXProject;
			attributes = {
				LastUpgradeCheck = 1010;
				ORGANIZATIONNAME = yeeshe;
				TargetAttributes = {
					8CD3BE242227787600006DEA = {
						CreatedOnToolsVersion = 10.1;
					};
				};
			};
			buildConfigurationList = 8CD3BE202227787600006DEA /* Build configuration list for PBXProject "BasicServicesLib" */;
			compatibilityVersion = "Xcode 9.3";
			developmentRegion = en;
			hasScannedForEncodings = 0;
			knownRegions = (
				en,
				Base,
			);
			mainGroup = 8CD3BE1C2227787600006DEA;
			productRefGroup = 8CD3BE262227787600006DEA /* Products */;
			projectDirPath = "";
			projectRoot = "";
			targets = (
				8CD3BE242227787600006DEA /* BasicServicesLib */,
			);
		};
/* End PBXProject section */

/* Begin PBXResourcesBuildPhase section */
		8CD3BE232227787600006DEA /* Resources */ = {
			isa = PBXResourcesBuildPhase;
			buildActionMask = 2147483647;
			files = (
				8C3E97632244D27A0036A03A /* NOTICE.md in Resources */,
				8CF6967E2239FAAF00DCECC7 /* LaunchScreen.storyboard in Resources */,
				8CF6967C2239FAAF00DCECC7 /* order_list.geojson in Resources */,
				8CF696E82239FAF000DCECC7 /* BasicServicesLib.bundle in Resources */,
				8CF6967B2239FAAF00DCECC7 /* Assets.xcassets in Resources */,
				8CF6967F2239FAAF00DCECC7 /* Main.storyboard in Resources */,
			);
			runOnlyForDeploymentPostprocessing = 0;
		};
/* End PBXResourcesBuildPhase section */

/* Begin PBXShellScriptBuildPhase section */
		0491DDB2BC687E54ECF8420C /* [CP] Check Pods Manifest.lock */ = {
			isa = PBXShellScriptBuildPhase;
			buildActionMask = 2147483647;
			files = (
			);
			inputPaths = (
				"${PODS_PODFILE_DIR_PATH}/Podfile.lock",
				"${PODS_ROOT}/Manifest.lock",
			);
			name = "[CP] Check Pods Manifest.lock";
			outputPaths = (
				"$(DERIVED_FILE_DIR)/Pods-BasicServicesLib-checkManifestLockResult.txt",
			);
			runOnlyForDeploymentPostprocessing = 0;
			shellPath = /bin/sh;
			shellScript = "diff \"${PODS_PODFILE_DIR_PATH}/Podfile.lock\" \"${PODS_ROOT}/Manifest.lock\" > /dev/null\nif [ $? != 0 ] ; then\n    # print error to STDERR\n    echo \"error: The sandbox is not in sync with the Podfile.lock. Run 'pod install' or update your CocoaPods installation.\" >&2\n    exit 1\nfi\n# This output is used by Xcode 'outputs' to avoid re-running this script phase.\necho \"SUCCESS\" > \"${SCRIPT_OUTPUT_FILE_0}\"\n";
			showEnvVarsInLog = 0;
		};
		BD2D0AB50630F7DD1DDE78F8 /* [CP] Embed Pods Frameworks */ = {
			isa = PBXShellScriptBuildPhase;
			buildActionMask = 2147483647;
			files = (
			);
			inputPaths = (
				"${SRCROOT}/Pods/Target Support Files/Pods-BasicServicesLib/Pods-BasicServicesLib-frameworks.sh",
				"${BUILT_PRODUCTS_DIR}/AFNetworking/AFNetworking.framework",
				"${BUILT_PRODUCTS_DIR}/FMDB/FMDB.framework",
				"${BUILT_PRODUCTS_DIR}/MBProgressHUD/MBProgressHUD.framework",
			);
			name = "[CP] Embed Pods Frameworks";
			outputPaths = (
				"${TARGET_BUILD_DIR}/${FRAMEWORKS_FOLDER_PATH}/AFNetworking.framework",
				"${TARGET_BUILD_DIR}/${FRAMEWORKS_FOLDER_PATH}/FMDB.framework",
				"${TARGET_BUILD_DIR}/${FRAMEWORKS_FOLDER_PATH}/MBProgressHUD.framework",
			);
			runOnlyForDeploymentPostprocessing = 0;
			shellPath = /bin/sh;
			shellScript = "\"${SRCROOT}/Pods/Target Support Files/Pods-BasicServicesLib/Pods-BasicServicesLib-frameworks.sh\"\n";
			showEnvVarsInLog = 0;
		};
/* End PBXShellScriptBuildPhase section */

/* Begin PBXSourcesBuildPhase section */
		8CD3BE212227787600006DEA /* Sources */ = {
			isa = PBXSourcesBuildPhase;
			buildActionMask = 2147483647;
			files = (
				8CF696EA2239FAF000DCECC7 /* UIView+NoDatasource.m in Sources */,
				8CF696EF2239FAF000DCECC7 /* URLSessionTask.m in Sources */,
				8CF696E32239FAF000DCECC7 /* UIView+UINib.m in Sources */,
				8CF696DA2239FAF000DCECC7 /* NSString+Pinyin.m in Sources */,
				8CF696DB2239FAF000DCECC7 /* UIWindow+TransitionRootVc.m in Sources */,
				8CA36A3B224B375300321F97 /* View.m in Sources */,
				8CF030BE224336620083DB55 /* UIImage+Snapshot.m in Sources */,
				8C3E97612244CA2B0036A03A /* NSNotificationCenter+ObserverBlocked.m in Sources */,
				8CF696E72239FAF000DCECC7 /* NSString+UIColor.m in Sources */,
				8CF696D92239FAF000DCECC7 /* NSString+Encrypt.m in Sources */,
				8CEE8D002244B0120057BB3E /* NSObject+KVOBlocked.m in Sources */,
				8CF696802239FAAF00DCECC7 /* main.m in Sources */,
				8CF696E22239FAF000DCECC7 /* NSString+Size.m in Sources */,
				8CF696ED2239FAF000DCECC7 /* NoDatasourceView.m in Sources */,
				8CF6967D2239FAAF00DCECC7 /* ViewController.m in Sources */,
				8CF696DE2239FAF000DCECC7 /* UIView+UIViewController.m in Sources */,
				8CF696F02239FAF000DCECC7 /* URLSessionTaskParams.m in Sources */,
				8CF696E02239FAF000DCECC7 /* NSData+Encrypt.m in Sources */,
				8CEE8D062244BCA10057BB3E /* UIControl+SelectorBlocked.m in Sources */,
				8CF696F22239FAF000DCECC7 /* URLSessionTaskResponse.m in Sources */,
				8CF696F32239FAF000DCECC7 /* URLSessionTaskURL.m in Sources */,
				8CF696D52239FAF000DCECC7 /* SqliteDatabase.m in Sources */,
				8CF696F42239FAF000DCECC7 /* TimeUtil.m in Sources */,
				8CF696D62239FAF000DCECC7 /* NSBundle+BasicServicesLibResource.m in Sources */,
				8CF696E92239FAF000DCECC7 /* UIRelayoutButton.m in Sources */,
				8CF696812239FAAF00DCECC7 /* AppDelegate.m in Sources */,
				8CF030C1224337B20083DB55 /* UIImage+CornerRadius.m in Sources */,
				8CF696F52239FAF000DCECC7 /* DecimalUtil.m in Sources */,
				8CF696E62239FAF000DCECC7 /* NSDictionary+KeyValueAddition.m in Sources */,
				8CF696F12239FAF000DCECC7 /* URLSessionTaskPool.m in Sources */,
				8CF696DF2239FAF000DCECC7 /* UIButton+StateColor.m in Sources */,
				8CF696822239FAAF00DCECC7 /* TableViewController.m in Sources */,
				8CF696DC2239FAF000DCECC7 /* UITextField+Placeholder.m in Sources */,
				8CF696F62239FAF000DCECC7 /* MBProgressHUDUtil.m in Sources */,
				8CF696EB2239FAF000DCECC7 /* UIPlaceholderTextView.m in Sources */,
				8CF696D82239FAF000DCECC7 /* UIView+CGRect.m in Sources */,
				8CF696DD2239FAF000DCECC7 /* UIView+CornerRadius.m in Sources */,
				8CF696EE2239FAF000DCECC7 /* URLSessionChainTask.m in Sources */,
				8CA2394A22438AA000DFCC9B /* NSDate+NSCalendar.m in Sources */,
				8CF696EC2239FAF000DCECC7 /* PresentedHUDBasicViewController.m in Sources */,
				8CF696E42239FAF000DCECC7 /* NSData+Base64.m in Sources */,
				8CF696D72239FAF000DCECC7 /* NSString+Base64.m in Sources */,
				8C96226F223F9669007AD201 /* Functions.m in Sources */,
				8CF696E12239FAF000DCECC7 /* UIAlertController+Shortcut.m in Sources */,
				8CF696E52239FAF000DCECC7 /* UIImage+UIColor.m in Sources */,
			);
			runOnlyForDeploymentPostprocessing = 0;
		};
/* End PBXSourcesBuildPhase section */

/* Begin PBXVariantGroup section */
		8CF696722239FAAF00DCECC7 /* LaunchScreen.storyboard */ = {
			isa = PBXVariantGroup;
			children = (
				8CF696732239FAAF00DCECC7 /* Base */,
			);
			name = LaunchScreen.storyboard;
			sourceTree = "<group>";
		};
		8CF696742239FAAF00DCECC7 /* Main.storyboard */ = {
			isa = PBXVariantGroup;
			children = (
				8CF696752239FAAF00DCECC7 /* Base */,
			);
			name = Main.storyboard;
			sourceTree = "<group>";
		};
/* End PBXVariantGroup section */

/* Begin XCBuildConfiguration section */
		8CD3BE392227787800006DEA /* Debug */ = {
			isa = XCBuildConfiguration;
			buildSettings = {
				ALWAYS_SEARCH_USER_PATHS = NO;
				CLANG_ANALYZER_NONNULL = YES;
				CLANG_ANALYZER_NUMBER_OBJECT_CONVERSION = YES_AGGRESSIVE;
				CLANG_CXX_LANGUAGE_STANDARD = "gnu++14";
				CLANG_CXX_LIBRARY = "libc++";
				CLANG_ENABLE_MODULES = YES;
				CLANG_ENABLE_OBJC_ARC = YES;
				CLANG_ENABLE_OBJC_WEAK = YES;
				CLANG_WARN_BLOCK_CAPTURE_AUTORELEASING = YES;
				CLANG_WARN_BOOL_CONVERSION = YES;
				CLANG_WARN_COMMA = YES;
				CLANG_WARN_CONSTANT_CONVERSION = YES;
				CLANG_WARN_DEPRECATED_OBJC_IMPLEMENTATIONS = YES;
				CLANG_WARN_DIRECT_OBJC_ISA_USAGE = YES_ERROR;
				CLANG_WARN_DOCUMENTATION_COMMENTS = YES;
				CLANG_WARN_EMPTY_BODY = YES;
				CLANG_WARN_ENUM_CONVERSION = YES;
				CLANG_WARN_INFINITE_RECURSION = YES;
				CLANG_WARN_INT_CONVERSION = YES;
				CLANG_WARN_NON_LITERAL_NULL_CONVERSION = YES;
				CLANG_WARN_OBJC_IMPLICIT_RETAIN_SELF = YES;
				CLANG_WARN_OBJC_LITERAL_CONVERSION = YES;
				CLANG_WARN_OBJC_ROOT_CLASS = YES_ERROR;
				CLANG_WARN_RANGE_LOOP_ANALYSIS = YES;
				CLANG_WARN_STRICT_PROTOTYPES = YES;
				CLANG_WARN_SUSPICIOUS_MOVE = YES;
				CLANG_WARN_UNGUARDED_AVAILABILITY = YES_AGGRESSIVE;
				CLANG_WARN_UNREACHABLE_CODE = YES;
				CLANG_WARN__DUPLICATE_METHOD_MATCH = YES;
				CODE_SIGN_IDENTITY = "iPhone Developer";
				COPY_PHASE_STRIP = NO;
				DEBUG_INFORMATION_FORMAT = dwarf;
				ENABLE_STRICT_OBJC_MSGSEND = YES;
				ENABLE_TESTABILITY = YES;
				GCC_C_LANGUAGE_STANDARD = gnu11;
				GCC_DYNAMIC_NO_PIC = NO;
				GCC_NO_COMMON_BLOCKS = YES;
				GCC_OPTIMIZATION_LEVEL = 0;
				GCC_PREPROCESSOR_DEFINITIONS = (
					"DEBUG=1",
					"$(inherited)",
				);
				GCC_WARN_64_TO_32_BIT_CONVERSION = YES;
				GCC_WARN_ABOUT_RETURN_TYPE = YES_ERROR;
				GCC_WARN_UNDECLARED_SELECTOR = YES;
				GCC_WARN_UNINITIALIZED_AUTOS = YES_AGGRESSIVE;
				GCC_WARN_UNUSED_FUNCTION = YES;
				GCC_WARN_UNUSED_VARIABLE = YES;
				IPHONEOS_DEPLOYMENT_TARGET = 9.0;
				MTL_ENABLE_DEBUG_INFO = INCLUDE_SOURCE;
				MTL_FAST_MATH = YES;
				ONLY_ACTIVE_ARCH = YES;
				SDKROOT = iphoneos;
			};
			name = Debug;
		};
		8CD3BE3A2227787800006DEA /* Release */ = {
			isa = XCBuildConfiguration;
			buildSettings = {
				ALWAYS_SEARCH_USER_PATHS = NO;
				CLANG_ANALYZER_NONNULL = YES;
				CLANG_ANALYZER_NUMBER_OBJECT_CONVERSION = YES_AGGRESSIVE;
				CLANG_CXX_LANGUAGE_STANDARD = "gnu++14";
				CLANG_CXX_LIBRARY = "libc++";
				CLANG_ENABLE_MODULES = YES;
				CLANG_ENABLE_OBJC_ARC = YES;
				CLANG_ENABLE_OBJC_WEAK = YES;
				CLANG_WARN_BLOCK_CAPTURE_AUTORELEASING = YES;
				CLANG_WARN_BOOL_CONVERSION = YES;
				CLANG_WARN_COMMA = YES;
				CLANG_WARN_CONSTANT_CONVERSION = YES;
				CLANG_WARN_DEPRECATED_OBJC_IMPLEMENTATIONS = YES;
				CLANG_WARN_DIRECT_OBJC_ISA_USAGE = YES_ERROR;
				CLANG_WARN_DOCUMENTATION_COMMENTS = YES;
				CLANG_WARN_EMPTY_BODY = YES;
				CLANG_WARN_ENUM_CONVERSION = YES;
				CLANG_WARN_INFINITE_RECURSION = YES;
				CLANG_WARN_INT_CONVERSION = YES;
				CLANG_WARN_NON_LITERAL_NULL_CONVERSION = YES;
				CLANG_WARN_OBJC_IMPLICIT_RETAIN_SELF = YES;
				CLANG_WARN_OBJC_LITERAL_CONVERSION = YES;
				CLANG_WARN_OBJC_ROOT_CLASS = YES_ERROR;
				CLANG_WARN_RANGE_LOOP_ANALYSIS = YES;
				CLANG_WARN_STRICT_PROTOTYPES = YES;
				CLANG_WARN_SUSPICIOUS_MOVE = YES;
				CLANG_WARN_UNGUARDED_AVAILABILITY = YES_AGGRESSIVE;
				CLANG_WARN_UNREACHABLE_CODE = YES;
				CLANG_WARN__DUPLICATE_METHOD_MATCH = YES;
				CODE_SIGN_IDENTITY = "iPhone Developer";
				COPY_PHASE_STRIP = NO;
				DEBUG_INFORMATION_FORMAT = "dwarf-with-dsym";
				ENABLE_NS_ASSERTIONS = NO;
				ENABLE_STRICT_OBJC_MSGSEND = YES;
				GCC_C_LANGUAGE_STANDARD = gnu11;
				GCC_NO_COMMON_BLOCKS = YES;
				GCC_WARN_64_TO_32_BIT_CONVERSION = YES;
				GCC_WARN_ABOUT_RETURN_TYPE = YES_ERROR;
				GCC_WARN_UNDECLARED_SELECTOR = YES;
				GCC_WARN_UNINITIALIZED_AUTOS = YES_AGGRESSIVE;
				GCC_WARN_UNUSED_FUNCTION = YES;
				GCC_WARN_UNUSED_VARIABLE = YES;
				IPHONEOS_DEPLOYMENT_TARGET = 9.0;
				MTL_ENABLE_DEBUG_INFO = NO;
				MTL_FAST_MATH = YES;
				SDKROOT = iphoneos;
				VALIDATE_PRODUCT = YES;
			};
			name = Release;
		};
		8CD3BE3C2227787800006DEA /* Debug */ = {
			isa = XCBuildConfiguration;
			baseConfigurationReference = 2BB3F58A39AD152E44C35F38 /* Pods-BasicServicesLib.debug.xcconfig */;
			buildSettings = {
				ASSETCATALOG_COMPILER_APPICON_NAME = AppIcon;
				CODE_SIGN_STYLE = Automatic;
				DEVELOPMENT_TEAM = "";
				INFOPLIST_FILE = Example/Info.plist;
				LD_RUNPATH_SEARCH_PATHS = (
					"$(inherited)",
					"@executable_path/Frameworks",
				);
				PRODUCT_BUNDLE_IDENTIFIER = .com.demo.Luckeyhill.BasicServicesLib;
				PRODUCT_NAME = "$(TARGET_NAME)";
				TARGETED_DEVICE_FAMILY = "1,2";
			};
			name = Debug;
		};
		8CD3BE3D2227787800006DEA /* Release */ = {
			isa = XCBuildConfiguration;
			baseConfigurationReference = 343C6EBD74034ACDF9DAE2AF /* Pods-BasicServicesLib.release.xcconfig */;
			buildSettings = {
				ASSETCATALOG_COMPILER_APPICON_NAME = AppIcon;
				CODE_SIGN_STYLE = Automatic;
				DEVELOPMENT_TEAM = "";
				INFOPLIST_FILE = Example/Info.plist;
				LD_RUNPATH_SEARCH_PATHS = (
					"$(inherited)",
					"@executable_path/Frameworks",
				);
				PRODUCT_BUNDLE_IDENTIFIER = .com.demo.Luckeyhill.BasicServicesLib;
				PRODUCT_NAME = "$(TARGET_NAME)";
				TARGETED_DEVICE_FAMILY = "1,2";
			};
			name = Release;
		};
/* End XCBuildConfiguration section */

/* Begin XCConfigurationList section */
		8CD3BE202227787600006DEA /* Build configuration list for PBXProject "BasicServicesLib" */ = {
			isa = XCConfigurationList;
			buildConfigurations = (
				8CD3BE392227787800006DEA /* Debug */,
				8CD3BE3A2227787800006DEA /* Release */,
			);
			defaultConfigurationIsVisible = 0;
			defaultConfigurationName = Release;
		};
		8CD3BE3B2227787800006DEA /* Build configuration list for PBXNativeTarget "BasicServicesLib" */ = {
			isa = XCConfigurationList;
			buildConfigurations = (
				8CD3BE3C2227787800006DEA /* Debug */,
				8CD3BE3D2227787800006DEA /* Release */,
			);
			defaultConfigurationIsVisible = 0;
			defaultConfigurationName = Release;
		};
/* End XCConfigurationList section */
	};
	rootObject = 8CD3BE1D2227787600006DEA /* Project object */;
}
